// !$*UTF8*$!
{
	archiveVersion = 1;
	classes = {
	};
	objectVersion = 77;
	objects = {

/* Begin PBXBuildFile section */
		2796C1862EEB552B00E05291 /* ContentView.swift in Sources */ = {isa = PBXBuildFile; fileRef = 2796C1852EEB552B00E05291 /* ContentView.swift */; };
		2796C1892EEB554000E05291 /* QuillStackApp.swift in Sources */ = {isa = PBXBuildFile; fileRef = 2796C1882EEB554000E05291 /* QuillStackApp.swift */; };
		2796C1A52EF0B20100E05291 /* SpellCorrector.swift in Sources */ = {isa = PBXBuildFile; fileRef = 2796C1A42EF0B20100E05291 /* SpellCorrector.swift */; };
		2796C1AA2EEB570000E05291 /* CoreDataStack.swift in Sources */ = {isa = PBXBuildFile; fileRef = 2796C18C2EEB558200E05291 /* CoreDataStack.swift */; };
		2796C1AB2EEB570000E05291 /* Meeting.swift in Sources */ = {isa = PBXBuildFile; fileRef = 2796C18D2EEB558200E05291 /* Meeting.swift */; };
		2796C1AC2EEB570000E05291 /* Note.swift in Sources */ = {isa = PBXBuildFile; fileRef = 2796C18E2EEB558200E05291 /* Note.swift */; };
		2796C1AD2EEB570000E05291 /* TodoItem.swift in Sources */ = {isa = PBXBuildFile; fileRef = 2796C18F2EEB558200E05291 /* TodoItem.swift */; };
		2796C1AE2EEB570000E05291 /* CameraManager.swift in Sources */ = {isa = PBXBuildFile; fileRef = 2796C1902EEB55A300E05291 /* CameraManager.swift */; };
		2796C1AF2EEB570000E05291 /* ImageProcessor.swift in Sources */ = {isa = PBXBuildFile; fileRef = 2796C1912EEB55A300E05291 /* ImageProcessor.swift */; };
		2796C1B02EEB570000E05291 /* MeetingParser.swift in Sources */ = {isa = PBXBuildFile; fileRef = 2796C1922EEB55A300E05291 /* MeetingParser.swift */; };
		2796C1B12EEB570000E05291 /* OCRService.swift in Sources */ = {isa = PBXBuildFile; fileRef = 2796C1932EEB55A300E05291 /* OCRService.swift */; };
		2796C1B22EEB570000E05291 /* TextClassifier.swift in Sources */ = {isa = PBXBuildFile; fileRef = 2796C1942EEB55A300E05291 /* TextClassifier.swift */; };
		2796C1B32EEB570000E05291 /* TodoParser.swift in Sources */ = {isa = PBXBuildFile; fileRef = 2796C1952EEB55A300E05291 /* TodoParser.swift */; };
		2796C1B42EEB570000E05291 /* Constants.swift in Sources */ = {isa = PBXBuildFile; fileRef = 2796C1962EEB55B900E05291 /* Constants.swift */; };
		2796C1B52EEB570000E05291 /* Extensions.swift in Sources */ = {isa = PBXBuildFile; fileRef = 2796C1972EEB55B900E05291 /* Extensions.swift */; };
		2796C1B62EEB570000E05291 /* CameraViewModel.swift in Sources */ = {isa = PBXBuildFile; fileRef = 2796C1982EEB55C700E05291 /* CameraViewModel.swift */; };
		2796C1B82EEB570000E05291 /* MeetingViewModel.swift in Sources */ = {isa = PBXBuildFile; fileRef = 2796C19A2EEB55C700E05291 /* MeetingViewModel.swift */; };
		2796C1B92EEB570000E05291 /* NoteViewModel.swift in Sources */ = {isa = PBXBuildFile; fileRef = 2796C19B2EEB55C700E05291 /* NoteViewModel.swift */; };
		2796C1BA2EEB570000E05291 /* CameraPreviewView.swift in Sources */ = {isa = PBXBuildFile; fileRef = 2796C19C2EEB55EC00E05291 /* CameraPreviewView.swift */; };
		2796C1BB2EEB570000E05291 /* CameraView.swift in Sources */ = {isa = PBXBuildFile; fileRef = 2796C19D2EEB55EC00E05291 /* CameraView.swift */; };
		2796C1BC2EEB570000E05291 /* ImagePreviewView.swift in Sources */ = {isa = PBXBuildFile; fileRef = 2796C19E2EEB55EC00E05291 /* ImagePreviewView.swift */; };
		2796C1BD2EEB570000E05291 /* MeetingListView.swift in Sources */ = {isa = PBXBuildFile; fileRef = 2796C1A02EEB55F800E05291 /* MeetingListView.swift */; };
		2796C1BE2EEB570000E05291 /* NoteDetailView.swift in Sources */ = {isa = PBXBuildFile; fileRef = 2796C1A12EEB560500E05291 /* NoteDetailView.swift */; };
		2796C1C02EEB570000E05291 /* NoteListView.swift in Sources */ = {isa = PBXBuildFile; fileRef = 2796C1A32EEB560500E05291 /* NoteListView.swift */; };
		2796C1C22EEB580000E05291 /* Assets.xcassets in Resources */ = {isa = PBXBuildFile; fileRef = 2796C1C12EEB580000E05291 /* Assets.xcassets */; };
		2796C1D02EEB600000E05291 /* QuillStack.xcdatamodeld in Sources */ = {isa = PBXBuildFile; fileRef = 2796C1CE2EEB600000E05291 /* QuillStack.xcdatamodeld */; };
		2796C1E02EEB700000E05291 /* TodoDetailView.swift in Sources */ = {isa = PBXBuildFile; fileRef = 2796C1DE2EEB700000E05291 /* TodoDetailView.swift */; };
		2796C1E12EEB700000E05291 /* EmailDetailView.swift in Sources */ = {isa = PBXBuildFile; fileRef = 2796C1DF2EEB700000E05291 /* EmailDetailView.swift */; };
		2796C1F02EEB800000E05291 /* LLMService.swift in Sources */ = {isa = PBXBuildFile; fileRef = 2796C1EE2EEB800000E05291 /* LLMService.swift */; };
		2796C1F12EEB800000E05291 /* SettingsView.swift in Sources */ = {isa = PBXBuildFile; fileRef = 2796C1EF2EEB800000E05291 /* SettingsView.swift */; };
		2796C1F22EEB800000E05291 /* ConfidenceTextView.swift in Sources */ = {isa = PBXBuildFile; fileRef = 2796C1F32EEB800000E05291 /* ConfidenceTextView.swift */; };
		E001000000000001 /* ExportService.swift in Sources */ = {isa = PBXBuildFile; fileRef = E002000000000001 /* ExportService.swift */; };
		E001000000000002 /* ExportDestination.swift in Sources */ = {isa = PBXBuildFile; fileRef = E002000000000002 /* ExportDestination.swift */; };
		E001000000000003 /* TagRouter.swift in Sources */ = {isa = PBXBuildFile; fileRef = E002000000000003 /* TagRouter.swift */; };
		E001000000000004 /* AppleNotesExporter.swift in Sources */ = {isa = PBXBuildFile; fileRef = E002000000000004 /* AppleNotesExporter.swift */; };
		E001000000000005 /* ObsidianExporter.swift in Sources */ = {isa = PBXBuildFile; fileRef = E002000000000005 /* ObsidianExporter.swift */; };
		E001000000000006 /* NotionExporter.swift in Sources */ = {isa = PBXBuildFile; fileRef = E002000000000006 /* NotionExporter.swift */; };
		E001000000000007 /* ExportSheet.swift in Sources */ = {isa = PBXBuildFile; fileRef = E002000000000007 /* ExportSheet.swift */; };
		E001000000000008 /* ObsidianSetupView.swift in Sources */ = {isa = PBXBuildFile; fileRef = E002000000000008 /* ObsidianSetupView.swift */; };
		E001000000000009 /* NotionSetupView.swift in Sources */ = {isa = PBXBuildFile; fileRef = E002000000000009 /* NotionSetupView.swift */; };
		E00100000000000A /* MeetingDetailView.swift in Sources */ = {isa = PBXBuildFile; fileRef = E00200000000000A /* MeetingDetailView.swift */; };
		F00100000000000B /* SearchService.swift in Sources */ = {isa = PBXBuildFile; fileRef = F00200000000000B /* SearchService.swift */; };
		F00100000000000C /* RemindersService.swift in Sources */ = {isa = PBXBuildFile; fileRef = F00200000000000C /* RemindersService.swift */; };
		F00100000000000D /* CalendarService.swift in Sources */ = {isa = PBXBuildFile; fileRef = F00200000000000D /* CalendarService.swift */; };
		F00100000000000E /* MultiPageService.swift in Sources */ = {isa = PBXBuildFile; fileRef = F00200000000000E /* MultiPageService.swift */; };
		F00100000000000F /* NotePage.swift in Sources */ = {isa = PBXBuildFile; fileRef = F00200000000000F /* NotePage.swift */; };
		F001000000000010 /* SearchViewModel.swift in Sources */ = {isa = PBXBuildFile; fileRef = F002000000000010 /* SearchViewModel.swift */; };
		F001000000000011 /* NoteSearchView.swift in Sources */ = {isa = PBXBuildFile; fileRef = F002000000000011 /* NoteSearchView.swift */; };
		F001000000000012 /* SearchFilterSheet.swift in Sources */ = {isa = PBXBuildFile; fileRef = F002000000000012 /* SearchFilterSheet.swift */; };
		F001000000000013 /* SummarySheet.swift in Sources */ = {isa = PBXBuildFile; fileRef = F002000000000013 /* SummarySheet.swift */; };
		F001000000000014 /* AddPageSheet.swift in Sources */ = {isa = PBXBuildFile; fileRef = F002000000000014 /* AddPageSheet.swift */; };
		F001000000000015 /* CreateEventSheet.swift in Sources */ = {isa = PBXBuildFile; fileRef = F002000000000015 /* CreateEventSheet.swift */; };
		F001000000000016 /* EventPickerView.swift in Sources */ = {isa = PBXBuildFile; fileRef = F002000000000016 /* EventPickerView.swift */; };
		F001000000000017 /* ExportToRemindersSheet.swift in Sources */ = {isa = PBXBuildFile; fileRef = F002000000000017 /* ExportToRemindersSheet.swift */; };
		F001000000000018 /* BatchCaptureView.swift in Sources */ = {isa = PBXBuildFile; fileRef = F002000000000018 /* BatchCaptureView.swift */; };
		F001000000000019 /* PageNavigatorView.swift in Sources */ = {isa = PBXBuildFile; fileRef = F002000000000019 /* PageNavigatorView.swift */; };
		F00100000000001A /* KeychainService.swift in Sources */ = {isa = PBXBuildFile; fileRef = F00200000000001A /* KeychainService.swift */; };
		F00100000000001B /* SettingsManager.swift in Sources */ = {isa = PBXBuildFile; fileRef = F00200000000001B /* SettingsManager.swift */; };
		F00100000000001C /* OfflineQueueService.swift in Sources */ = {isa = PBXBuildFile; fileRef = F00200000000001C /* OfflineQueueService.swift */; };
		F00100000000001D /* HandwritingLearningService.swift in Sources */ = {isa = PBXBuildFile; fileRef = F00200000000001D /* HandwritingLearningService.swift */; };
		F00100000000001E /* OCRCorrection.swift in Sources */ = {isa = PBXBuildFile; fileRef = F00200000000001E /* OCRCorrection.swift */; };
		G00100000000001F /* PromptRefinerService.swift in Sources */ = {isa = PBXBuildFile; fileRef = G00200000000001F /* PromptRefinerService.swift */; };
		G001000000000020 /* GitHubService.swift in Sources */ = {isa = PBXBuildFile; fileRef = G002000000000020 /* GitHubService.swift */; };
		G001000000000022 /* LabelChip.swift in Sources */ = {isa = PBXBuildFile; fileRef = G002000000000022 /* LabelChip.swift */; };
		G001000000000023 /* ClaudePromptDetailView.swift in Sources */ = {isa = PBXBuildFile; fileRef = G002000000000023 /* ClaudePromptDetailView.swift */; };
		H001000000000024 /* OnboardingView.swift in Sources */ = {isa = PBXBuildFile; fileRef = H002000000000024 /* OnboardingView.swift */; };
		H001000000000025 /* OnboardingWelcomePage.swift in Sources */ = {isa = PBXBuildFile; fileRef = H002000000000025 /* OnboardingWelcomePage.swift */; };
		H001000000000026 /* OnboardingUseCasePage.swift in Sources */ = {isa = PBXBuildFile; fileRef = H002000000000026 /* OnboardingUseCasePage.swift */; };
		H001000000000027 /* OnboardingClaudePage.swift in Sources */ = {isa = PBXBuildFile; fileRef = H002000000000027 /* OnboardingClaudePage.swift */; };
		H001000000000028 /* OnboardingGitHubPage.swift in Sources */ = {isa = PBXBuildFile; fileRef = H002000000000028 /* OnboardingGitHubPage.swift */; };
		H001000000000029 /* OnboardingObsidianPage.swift in Sources */ = {isa = PBXBuildFile; fileRef = H002000000000029 /* OnboardingObsidianPage.swift */; };
		H00100000000002A /* OnboardingNotionPage.swift in Sources */ = {isa = PBXBuildFile; fileRef = H00200000000002A /* OnboardingNotionPage.swift */; };
		H00100000000002B /* OnboardingCalendarPage.swift in Sources */ = {isa = PBXBuildFile; fileRef = H00200000000002B /* OnboardingCalendarPage.swift */; };
		H00100000000002C /* OnboardingCompletePage.swift in Sources */ = {isa = PBXBuildFile; fileRef = H00200000000002C /* OnboardingCompletePage.swift */; };
		I00100000000002D /* ImageRetentionService.swift in Sources */ = {isa = PBXBuildFile; fileRef = I00200000000002D /* ImageRetentionService.swift */; };
		I00100000000002E /* ContentSanitizer.swift in Sources */ = {isa = PBXBuildFile; fileRef = I00200000000002E /* ContentSanitizer.swift */; };
		I00100000000002F /* DetailHeader.swift in Sources */ = {isa = PBXBuildFile; fileRef = I00200000000002F /* DetailHeader.swift */; };
		9BF33EFBB8118A83F611C8CC /* PDFExporter.swift in Sources */ = {isa = PBXBuildFile; fileRef = A7C04153EA7033D6D21E3919 /* PDFExporter.swift */; };
		546B770950DD133042920854 /* StatisticsViewModel.swift in Sources */ = {isa = PBXBuildFile; fileRef = B6C297376A19DEB99BDF5675 /* StatisticsViewModel.swift */; };
		4BC316248EB1C88BABB17D1B /* NoteTemplate.swift in Sources */ = {isa = PBXBuildFile; fileRef = FBE452369AD0C34A57F80878 /* NoteTemplate.swift */; };
		29CBCDDE52F823B896AD7A0C /* StatisticsView.swift in Sources */ = {isa = PBXBuildFile; fileRef = B70B286A2AC36CA436C77ACE /* StatisticsView.swift */; };
		04302BE7809C1CBD7CAF357B /* TemplateOverlayView.swift in Sources */ = {isa = PBXBuildFile; fileRef = C1A7E19D27CEE0882033BA91 /* TemplateOverlayView.swift */; };
		0ECFB430B500C0AA9EBA7983 /* TemplatePickerSheet.swift in Sources */ = {isa = PBXBuildFile; fileRef = 97B032D255CCFDCA6A3F7216 /* TemplatePickerSheet.swift */; };
		061F3C399AA5AF2059F10445 /* BulkExportSheet.swift in Sources */ = {isa = PBXBuildFile; fileRef = DA760FE9DEBAF0EC0BF6A1D2 /* BulkExportSheet.swift */; };
/* End PBXBuildFile section */

/* Begin PBXFileReference section */
		2796C1572EEB51D800E05291 /* QuillStack.app */ = {isa = PBXFileReference; explicitFileType = wrapper.application; includeInIndex = 0; path = QuillStack.app; sourceTree = BUILT_PRODUCTS_DIR; };
		2796C1852EEB552B00E05291 /* ContentView.swift */ = {isa = PBXFileReference; lastKnownFileType = sourcecode.swift; path = ContentView.swift; sourceTree = "<group>"; };
		2796C1872EEB553000E05291 /* QuillStack-Bridging-Header.h */ = {isa = PBXFileReference; lastKnownFileType = sourcecode.c.h; path = "QuillStack-Bridging-Header.h"; sourceTree = "<group>"; };
		2796C1882EEB554000E05291 /* QuillStackApp.swift */ = {isa = PBXFileReference; lastKnownFileType = sourcecode.swift; path = QuillStackApp.swift; sourceTree = "<group>"; };
		2796C18C2EEB558200E05291 /* CoreDataStack.swift */ = {isa = PBXFileReference; lastKnownFileType = sourcecode.swift; path = CoreDataStack.swift; sourceTree = "<group>"; };
		2796C18D2EEB558200E05291 /* Meeting.swift */ = {isa = PBXFileReference; lastKnownFileType = sourcecode.swift; path = Meeting.swift; sourceTree = "<group>"; };
		2796C18E2EEB558200E05291 /* Note.swift */ = {isa = PBXFileReference; lastKnownFileType = sourcecode.swift; path = Note.swift; sourceTree = "<group>"; };
		2796C18F2EEB558200E05291 /* TodoItem.swift */ = {isa = PBXFileReference; lastKnownFileType = sourcecode.swift; path = TodoItem.swift; sourceTree = "<group>"; };
		2796C1902EEB55A300E05291 /* CameraManager.swift */ = {isa = PBXFileReference; lastKnownFileType = sourcecode.swift; path = CameraManager.swift; sourceTree = "<group>"; };
		2796C1912EEB55A300E05291 /* ImageProcessor.swift */ = {isa = PBXFileReference; lastKnownFileType = sourcecode.swift; path = ImageProcessor.swift; sourceTree = "<group>"; };
		2796C1922EEB55A300E05291 /* MeetingParser.swift */ = {isa = PBXFileReference; lastKnownFileType = sourcecode.swift; path = MeetingParser.swift; sourceTree = "<group>"; };
		2796C1932EEB55A300E05291 /* OCRService.swift */ = {isa = PBXFileReference; lastKnownFileType = sourcecode.swift; path = OCRService.swift; sourceTree = "<group>"; };
		2796C1942EEB55A300E05291 /* TextClassifier.swift */ = {isa = PBXFileReference; lastKnownFileType = sourcecode.swift; path = TextClassifier.swift; sourceTree = "<group>"; };
		2796C1952EEB55A300E05291 /* TodoParser.swift */ = {isa = PBXFileReference; lastKnownFileType = sourcecode.swift; path = TodoParser.swift; sourceTree = "<group>"; };
		2796C1962EEB55B900E05291 /* Constants.swift */ = {isa = PBXFileReference; lastKnownFileType = sourcecode.swift; path = Constants.swift; sourceTree = "<group>"; };
		2796C1972EEB55B900E05291 /* Extensions.swift */ = {isa = PBXFileReference; lastKnownFileType = sourcecode.swift; path = Extensions.swift; sourceTree = "<group>"; };
		2796C1982EEB55C700E05291 /* CameraViewModel.swift */ = {isa = PBXFileReference; lastKnownFileType = sourcecode.swift; path = CameraViewModel.swift; sourceTree = "<group>"; };
		2796C19A2EEB55C700E05291 /* MeetingViewModel.swift */ = {isa = PBXFileReference; lastKnownFileType = sourcecode.swift; path = MeetingViewModel.swift; sourceTree = "<group>"; };
		2796C19B2EEB55C700E05291 /* NoteViewModel.swift */ = {isa = PBXFileReference; lastKnownFileType = sourcecode.swift; path = NoteViewModel.swift; sourceTree = "<group>"; };
		2796C19C2EEB55EC00E05291 /* CameraPreviewView.swift */ = {isa = PBXFileReference; lastKnownFileType = sourcecode.swift; path = CameraPreviewView.swift; sourceTree = "<group>"; };
		2796C19D2EEB55EC00E05291 /* CameraView.swift */ = {isa = PBXFileReference; lastKnownFileType = sourcecode.swift; path = CameraView.swift; sourceTree = "<group>"; };
		2796C19E2EEB55EC00E05291 /* ImagePreviewView.swift */ = {isa = PBXFileReference; lastKnownFileType = sourcecode.swift; path = ImagePreviewView.swift; sourceTree = "<group>"; };
		2796C1A02EEB55F800E05291 /* MeetingListView.swift */ = {isa = PBXFileReference; lastKnownFileType = sourcecode.swift; path = MeetingListView.swift; sourceTree = "<group>"; };
		2796C1A12EEB560500E05291 /* NoteDetailView.swift */ = {isa = PBXFileReference; lastKnownFileType = sourcecode.swift; path = NoteDetailView.swift; sourceTree = "<group>"; };
		2796C1A32EEB560500E05291 /* NoteListView.swift */ = {isa = PBXFileReference; lastKnownFileType = sourcecode.swift; path = NoteListView.swift; sourceTree = "<group>"; };
		2796C1A42EF0B20100E05291 /* SpellCorrector.swift */ = {isa = PBXFileReference; lastKnownFileType = sourcecode.swift; path = SpellCorrector.swift; sourceTree = "<group>"; };
		2796C1C12EEB580000E05291 /* Assets.xcassets */ = {isa = PBXFileReference; lastKnownFileType = folder.assetcatalog; path = Assets.xcassets; sourceTree = "<group>"; };
		2796C1CF2EEB600000E05291 /* QuillStack.xcdatamodel */ = {isa = PBXFileReference; lastKnownFileType = wrapper.xcdatamodel; path = QuillStack.xcdatamodel; sourceTree = "<group>"; };
		2796C1DE2EEB700000E05291 /* TodoDetailView.swift */ = {isa = PBXFileReference; lastKnownFileType = sourcecode.swift; path = TodoDetailView.swift; sourceTree = "<group>"; };
		2796C1DF2EEB700000E05291 /* EmailDetailView.swift */ = {isa = PBXFileReference; lastKnownFileType = sourcecode.swift; path = EmailDetailView.swift; sourceTree = "<group>"; };
		2796C1EE2EEB800000E05291 /* LLMService.swift */ = {isa = PBXFileReference; lastKnownFileType = sourcecode.swift; path = LLMService.swift; sourceTree = "<group>"; };
		2796C1EF2EEB800000E05291 /* SettingsView.swift */ = {isa = PBXFileReference; lastKnownFileType = sourcecode.swift; path = SettingsView.swift; sourceTree = "<group>"; };
		2796C1F32EEB800000E05291 /* ConfidenceTextView.swift */ = {isa = PBXFileReference; lastKnownFileType = sourcecode.swift; path = ConfidenceTextView.swift; sourceTree = "<group>"; };
		E002000000000001 /* ExportService.swift */ = {isa = PBXFileReference; lastKnownFileType = sourcecode.swift; path = ExportService.swift; sourceTree = "<group>"; };
		E002000000000002 /* ExportDestination.swift */ = {isa = PBXFileReference; lastKnownFileType = sourcecode.swift; path = ExportDestination.swift; sourceTree = "<group>"; };
		E002000000000003 /* TagRouter.swift */ = {isa = PBXFileReference; lastKnownFileType = sourcecode.swift; path = TagRouter.swift; sourceTree = "<group>"; };
		E002000000000004 /* AppleNotesExporter.swift */ = {isa = PBXFileReference; lastKnownFileType = sourcecode.swift; path = AppleNotesExporter.swift; sourceTree = "<group>"; };
		E002000000000005 /* ObsidianExporter.swift */ = {isa = PBXFileReference; lastKnownFileType = sourcecode.swift; path = ObsidianExporter.swift; sourceTree = "<group>"; };
		E002000000000006 /* NotionExporter.swift */ = {isa = PBXFileReference; lastKnownFileType = sourcecode.swift; path = NotionExporter.swift; sourceTree = "<group>"; };
		E002000000000007 /* ExportSheet.swift */ = {isa = PBXFileReference; lastKnownFileType = sourcecode.swift; path = ExportSheet.swift; sourceTree = "<group>"; };
		E002000000000008 /* ObsidianSetupView.swift */ = {isa = PBXFileReference; lastKnownFileType = sourcecode.swift; path = ObsidianSetupView.swift; sourceTree = "<group>"; };
		E002000000000009 /* NotionSetupView.swift */ = {isa = PBXFileReference; lastKnownFileType = sourcecode.swift; path = NotionSetupView.swift; sourceTree = "<group>"; };
		E00200000000000A /* MeetingDetailView.swift */ = {isa = PBXFileReference; lastKnownFileType = sourcecode.swift; path = MeetingDetailView.swift; sourceTree = "<group>"; };
		F00200000000000B /* SearchService.swift */ = {isa = PBXFileReference; lastKnownFileType = sourcecode.swift; path = SearchService.swift; sourceTree = "<group>"; };
		F00200000000000C /* RemindersService.swift */ = {isa = PBXFileReference; lastKnownFileType = sourcecode.swift; path = RemindersService.swift; sourceTree = "<group>"; };
		F00200000000000D /* CalendarService.swift */ = {isa = PBXFileReference; lastKnownFileType = sourcecode.swift; path = CalendarService.swift; sourceTree = "<group>"; };
		F00200000000000E /* MultiPageService.swift */ = {isa = PBXFileReference; lastKnownFileType = sourcecode.swift; path = MultiPageService.swift; sourceTree = "<group>"; };
		F00200000000000F /* NotePage.swift */ = {isa = PBXFileReference; lastKnownFileType = sourcecode.swift; path = NotePage.swift; sourceTree = "<group>"; };
		F002000000000010 /* SearchViewModel.swift */ = {isa = PBXFileReference; lastKnownFileType = sourcecode.swift; path = SearchViewModel.swift; sourceTree = "<group>"; };
		F002000000000011 /* NoteSearchView.swift */ = {isa = PBXFileReference; lastKnownFileType = sourcecode.swift; path = NoteSearchView.swift; sourceTree = "<group>"; };
		F002000000000012 /* SearchFilterSheet.swift */ = {isa = PBXFileReference; lastKnownFileType = sourcecode.swift; path = SearchFilterSheet.swift; sourceTree = "<group>"; };
		F002000000000013 /* SummarySheet.swift */ = {isa = PBXFileReference; lastKnownFileType = sourcecode.swift; path = SummarySheet.swift; sourceTree = "<group>"; };
		F002000000000014 /* AddPageSheet.swift */ = {isa = PBXFileReference; lastKnownFileType = sourcecode.swift; path = AddPageSheet.swift; sourceTree = "<group>"; };
		F002000000000015 /* CreateEventSheet.swift */ = {isa = PBXFileReference; lastKnownFileType = sourcecode.swift; path = CreateEventSheet.swift; sourceTree = "<group>"; };
		F002000000000016 /* EventPickerView.swift */ = {isa = PBXFileReference; lastKnownFileType = sourcecode.swift; path = EventPickerView.swift; sourceTree = "<group>"; };
		F002000000000017 /* ExportToRemindersSheet.swift */ = {isa = PBXFileReference; lastKnownFileType = sourcecode.swift; path = ExportToRemindersSheet.swift; sourceTree = "<group>"; };
		F002000000000018 /* BatchCaptureView.swift */ = {isa = PBXFileReference; lastKnownFileType = sourcecode.swift; path = BatchCaptureView.swift; sourceTree = "<group>"; };
		F002000000000019 /* PageNavigatorView.swift */ = {isa = PBXFileReference; lastKnownFileType = sourcecode.swift; path = PageNavigatorView.swift; sourceTree = "<group>"; };
		F00200000000001A /* KeychainService.swift */ = {isa = PBXFileReference; lastKnownFileType = sourcecode.swift; path = KeychainService.swift; sourceTree = "<group>"; };
		F00200000000001B /* SettingsManager.swift */ = {isa = PBXFileReference; lastKnownFileType = sourcecode.swift; path = SettingsManager.swift; sourceTree = "<group>"; };
		F00200000000001C /* OfflineQueueService.swift */ = {isa = PBXFileReference; lastKnownFileType = sourcecode.swift; path = OfflineQueueService.swift; sourceTree = "<group>"; };
		F00200000000001D /* HandwritingLearningService.swift */ = {isa = PBXFileReference; lastKnownFileType = sourcecode.swift; path = HandwritingLearningService.swift; sourceTree = "<group>"; };
		F00200000000001E /* OCRCorrection.swift */ = {isa = PBXFileReference; lastKnownFileType = sourcecode.swift; path = OCRCorrection.swift; sourceTree = "<group>"; };
		G00200000000001F /* PromptRefinerService.swift */ = {isa = PBXFileReference; lastKnownFileType = sourcecode.swift; path = PromptRefinerService.swift; sourceTree = "<group>"; };
		G002000000000020 /* GitHubService.swift */ = {isa = PBXFileReference; lastKnownFileType = sourcecode.swift; path = GitHubService.swift; sourceTree = "<group>"; };
		G002000000000022 /* LabelChip.swift */ = {isa = PBXFileReference; lastKnownFileType = sourcecode.swift; path = LabelChip.swift; sourceTree = "<group>"; };
		G002000000000023 /* ClaudePromptDetailView.swift */ = {isa = PBXFileReference; lastKnownFileType = sourcecode.swift; path = ClaudePromptDetailView.swift; sourceTree = "<group>"; };
		H002000000000024 /* OnboardingView.swift */ = {isa = PBXFileReference; lastKnownFileType = sourcecode.swift; path = OnboardingView.swift; sourceTree = "<group>"; };
		H002000000000025 /* OnboardingWelcomePage.swift */ = {isa = PBXFileReference; lastKnownFileType = sourcecode.swift; path = OnboardingWelcomePage.swift; sourceTree = "<group>"; };
		H002000000000026 /* OnboardingUseCasePage.swift */ = {isa = PBXFileReference; lastKnownFileType = sourcecode.swift; path = OnboardingUseCasePage.swift; sourceTree = "<group>"; };
		H002000000000027 /* OnboardingClaudePage.swift */ = {isa = PBXFileReference; lastKnownFileType = sourcecode.swift; path = OnboardingClaudePage.swift; sourceTree = "<group>"; };
		H002000000000028 /* OnboardingGitHubPage.swift */ = {isa = PBXFileReference; lastKnownFileType = sourcecode.swift; path = OnboardingGitHubPage.swift; sourceTree = "<group>"; };
		H002000000000029 /* OnboardingObsidianPage.swift */ = {isa = PBXFileReference; lastKnownFileType = sourcecode.swift; path = OnboardingObsidianPage.swift; sourceTree = "<group>"; };
		H00200000000002A /* OnboardingNotionPage.swift */ = {isa = PBXFileReference; lastKnownFileType = sourcecode.swift; path = OnboardingNotionPage.swift; sourceTree = "<group>"; };
		H00200000000002B /* OnboardingCalendarPage.swift */ = {isa = PBXFileReference; lastKnownFileType = sourcecode.swift; path = OnboardingCalendarPage.swift; sourceTree = "<group>"; };
		H00200000000002C /* OnboardingCompletePage.swift */ = {isa = PBXFileReference; lastKnownFileType = sourcecode.swift; path = OnboardingCompletePage.swift; sourceTree = "<group>"; };
		I00200000000002D /* ImageRetentionService.swift */ = {isa = PBXFileReference; lastKnownFileType = sourcecode.swift; path = ImageRetentionService.swift; sourceTree = "<group>"; };
		I00200000000002E /* ContentSanitizer.swift */ = {isa = PBXFileReference; lastKnownFileType = sourcecode.swift; path = ContentSanitizer.swift; sourceTree = "<group>"; };
		I00200000000002F /* DetailHeader.swift */ = {isa = PBXFileReference; lastKnownFileType = sourcecode.swift; path = DetailHeader.swift; sourceTree = "<group>"; };
		A7C04153EA7033D6D21E3919 /* PDFExporter.swift */ = {isa = PBXFileReference; lastKnownFileType = sourcecode.swift; path = PDFExporter.swift; sourceTree = "<group>"; };
		B6C297376A19DEB99BDF5675 /* StatisticsViewModel.swift */ = {isa = PBXFileReference; lastKnownFileType = sourcecode.swift; path = StatisticsViewModel.swift; sourceTree = "<group>"; };
		FBE452369AD0C34A57F80878 /* NoteTemplate.swift */ = {isa = PBXFileReference; lastKnownFileType = sourcecode.swift; path = NoteTemplate.swift; sourceTree = "<group>"; };
		B70B286A2AC36CA436C77ACE /* StatisticsView.swift */ = {isa = PBXFileReference; lastKnownFileType = sourcecode.swift; path = StatisticsView.swift; sourceTree = "<group>"; };
		C1A7E19D27CEE0882033BA91 /* TemplateOverlayView.swift */ = {isa = PBXFileReference; lastKnownFileType = sourcecode.swift; path = TemplateOverlayView.swift; sourceTree = "<group>"; };
		97B032D255CCFDCA6A3F7216 /* TemplatePickerSheet.swift */ = {isa = PBXFileReference; lastKnownFileType = sourcecode.swift; path = TemplatePickerSheet.swift; sourceTree = "<group>"; };
		DA760FE9DEBAF0EC0BF6A1D2 /* BulkExportSheet.swift */ = {isa = PBXFileReference; lastKnownFileType = sourcecode.swift; path = BulkExportSheet.swift; sourceTree = "<group>"; };
/* End PBXFileReference section */

/* Begin PBXFrameworksBuildPhase section */
		2796C1542EEB51D800E05291 /* Frameworks */ = {
			isa = PBXFrameworksBuildPhase;
			buildActionMask = 2147483647;
			files = (
			);
			runOnlyForDeploymentPostprocessing = 0;
		};
/* End PBXFrameworksBuildPhase section */

/* Begin PBXGroup section */
		2796C14E2EEB51D800E05291 = {
			isa = PBXGroup;
			children = (
				2796C1812EEB546300E05291 /* Utilities */,
				2796C1802EEB545C00E05291 /* Services */,
				2796C17F2EEB545600E05291 /* ViewModels */,
				2796C17E2EEB545100E05291 /* Views */,
				2796C17C2EEB542900E05291 /* Models */,
				2796C17B2EEB542300E05291 /* App */,
				2796C1C12EEB580000E05291 /* Assets.xcassets */,
				2796C1582EEB51D800E05291 /* Products */,
			);
			sourceTree = "<group>";
		};
		2796C1582EEB51D800E05291 /* Products */ = {
			isa = PBXGroup;
			children = (
				2796C1572EEB51D800E05291 /* QuillStack.app */,
			);
			name = Products;
			sourceTree = "<group>";
		};
		2796C17B2EEB542300E05291 /* App */ = {
			isa = PBXGroup;
			children = (
				2796C1852EEB552B00E05291 /* ContentView.swift */,
				2796C1872EEB553000E05291 /* QuillStack-Bridging-Header.h */,
				2796C1882EEB554000E05291 /* QuillStackApp.swift */,
			);
			path = App;
			sourceTree = "<group>";
		};
		2796C17C2EEB542900E05291 /* Models */ = {
			isa = PBXGroup;
			children = (
				FBE452369AD0C34A57F80878 /* NoteTemplate.swift */,
				2796C1CE2EEB600000E05291 /* QuillStack.xcdatamodeld */,
				2796C18C2EEB558200E05291 /* CoreDataStack.swift */,
				2796C18D2EEB558200E05291 /* Meeting.swift */,
				2796C18E2EEB558200E05291 /* Note.swift */,
				F00200000000000F /* NotePage.swift */,
				F00200000000001E /* OCRCorrection.swift */,
				2796C18F2EEB558200E05291 /* TodoItem.swift */,
			);
			path = Models;
			sourceTree = "<group>";
		};
		2796C17E2EEB545100E05291 /* Views */ = {
			isa = PBXGroup;
			children = (
				2796C1C52EEB590000E05291 /* Tasks */,
				2796C1842EEB548300E05291 /* Meetings */,
				2796C1832EEB547E00E05291 /* Notes */,
				2796C1822EEB547500E05291 /* Capture */,
				2796C1F42EEB800000E05291 /* Settings */,
				2796C1F52EEB800000E05291 /* Components */,
				E003000000000003 /* Export */,
				F003000000000004 /* Calendar */,
				H003000000000024 /* Onboarding */,
				S003000000000001 /* Statistics */,
			);
			path = Views;
			sourceTree = "<group>";
		};
		S003000000000001 /* Statistics */ = {
			isa = PBXGroup;
			children = (
				B70B286A2AC36CA436C77ACE /* StatisticsView.swift */,
			);
			path = Statistics;
			sourceTree = "<group>";
		};
		2796C17F2EEB545600E05291 /* ViewModels */ = {
			isa = PBXGroup;
			children = (
				B6C297376A19DEB99BDF5675 /* StatisticsViewModel.swift */,
				2796C1982EEB55C700E05291 /* CameraViewModel.swift */,
				2796C19A2EEB55C700E05291 /* MeetingViewModel.swift */,
				2796C19B2EEB55C700E05291 /* NoteViewModel.swift */,
				F002000000000010 /* SearchViewModel.swift */,
			);
			path = ViewModels;
			sourceTree = "<group>";
		};
		2796C1802EEB545C00E05291 /* Services */ = {
			isa = PBXGroup;
			children = (
				E003000000000001 /* Export */,
				F00200000000000D /* CalendarService.swift */,
				2796C1902EEB55A300E05291 /* CameraManager.swift */,
				I00200000000002E /* ContentSanitizer.swift */,
				G002000000000020 /* GitHubService.swift */,
				F00200000000001D /* HandwritingLearningService.swift */,
				I00200000000002D /* ImageRetentionService.swift */,
				2796C1912EEB55A300E05291 /* ImageProcessor.swift */,
				F00200000000001A /* KeychainService.swift */,
				2796C1EE2EEB800000E05291 /* LLMService.swift */,
				2796C1922EEB55A300E05291 /* MeetingParser.swift */,
				F00200000000000E /* MultiPageService.swift */,
				2796C1932EEB55A300E05291 /* OCRService.swift */,
				F00200000000001C /* OfflineQueueService.swift */,
				G00200000000001F /* PromptRefinerService.swift */,
				F00200000000000C /* RemindersService.swift */,
				F00200000000000B /* SearchService.swift */,
				F00200000000001B /* SettingsManager.swift */,
				2796C1A42EF0B20100E05291 /* SpellCorrector.swift */,
				2796C1942EEB55A300E05291 /* TextClassifier.swift */,
				2796C1952EEB55A300E05291 /* TodoParser.swift */,
			);
			path = Services;
			sourceTree = "<group>";
		};
		2796C1812EEB546300E05291 /* Utilities */ = {
			isa = PBXGroup;
			children = (
				2796C1962EEB55B900E05291 /* Constants.swift */,
				2796C1972EEB55B900E05291 /* Extensions.swift */,
			);
			path = Utilities;
			sourceTree = "<group>";
		};
		2796C1822EEB547500E05291 /* Capture */ = {
			isa = PBXGroup;
			children = (
				97B032D255CCFDCA6A3F7216 /* TemplatePickerSheet.swift */,
				C1A7E19D27CEE0882033BA91 /* TemplateOverlayView.swift */,
				F002000000000018 /* BatchCaptureView.swift */,
				2796C19C2EEB55EC00E05291 /* CameraPreviewView.swift */,
				2796C19D2EEB55EC00E05291 /* CameraView.swift */,
				2796C19E2EEB55EC00E05291 /* ImagePreviewView.swift */,
				F002000000000019 /* PageNavigatorView.swift */,
			);
			path = Capture;
			sourceTree = "<group>";
		};
		2796C1832EEB547E00E05291 /* Notes */ = {
			isa = PBXGroup;
			children = (
				F002000000000014 /* AddPageSheet.swift */,
				G002000000000023 /* ClaudePromptDetailView.swift */,
				2796C1DF2EEB700000E05291 /* EmailDetailView.swift */,
				E00200000000000A /* MeetingDetailView.swift */,
				2796C1A12EEB560500E05291 /* NoteDetailView.swift */,
				2796C1A32EEB560500E05291 /* NoteListView.swift */,
				F002000000000011 /* NoteSearchView.swift */,
				F002000000000012 /* SearchFilterSheet.swift */,
				F002000000000013 /* SummarySheet.swift */,
				2796C1DE2EEB700000E05291 /* TodoDetailView.swift */,
			);
			path = Notes;
			sourceTree = "<group>";
		};
		2796C1842EEB548300E05291 /* Meetings */ = {
			isa = PBXGroup;
			children = (
				2796C1A02EEB55F800E05291 /* MeetingListView.swift */,
			);
			path = Meetings;
			sourceTree = "<group>";
		};
		2796C1C52EEB590000E05291 /* Tasks */ = {
			isa = PBXGroup;
			children = (
			);
			path = Tasks;
			sourceTree = "<group>";
		};
		2796C1F42EEB800000E05291 /* Settings */ = {
			isa = PBXGroup;
			children = (
				2796C1EF2EEB800000E05291 /* SettingsView.swift */,
			);
			path = Settings;
			sourceTree = "<group>";
		};
		2796C1F52EEB800000E05291 /* Components */ = {
			isa = PBXGroup;
			children = (
				2796C1F32EEB800000E05291 /* ConfidenceTextView.swift */,
				I00200000000002F /* DetailHeader.swift */,
				G002000000000022 /* LabelChip.swift */,
			);
			path = Components;
			sourceTree = "<group>";
		};
		E003000000000001 /* Export */ = {
			isa = PBXGroup;
			children = (
				E003000000000002 /* Exporters */,
				E002000000000001 /* ExportService.swift */,
				E002000000000002 /* ExportDestination.swift */,
				E002000000000003 /* TagRouter.swift */,
			);
			path = Export;
			sourceTree = "<group>";
		};
		E003000000000002 /* Exporters */ = {
			isa = PBXGroup;
			children = (
				A7C04153EA7033D6D21E3919 /* PDFExporter.swift */,
				E002000000000004 /* AppleNotesExporter.swift */,
				E002000000000005 /* ObsidianExporter.swift */,
				E002000000000006 /* NotionExporter.swift */,
			);
			path = Exporters;
			sourceTree = "<group>";
		};
		E003000000000003 /* Export */ = {
			isa = PBXGroup;
			children = (
				DA760FE9DEBAF0EC0BF6A1D2 /* BulkExportSheet.swift */,
				E002000000000007 /* ExportSheet.swift */,
				F002000000000017 /* ExportToRemindersSheet.swift */,
				E002000000000009 /* NotionSetupView.swift */,
				E002000000000008 /* ObsidianSetupView.swift */,
			);
			path = Export;
			sourceTree = "<group>";
		};
		F003000000000004 /* Calendar */ = {
			isa = PBXGroup;
			children = (
				F002000000000015 /* CreateEventSheet.swift */,
				F002000000000016 /* EventPickerView.swift */,
			);
			path = Calendar;
			sourceTree = "<group>";
		};
		H003000000000024 /* Onboarding */ = {
			isa = PBXGroup;
			children = (
				H002000000000024 /* OnboardingView.swift */,
				H002000000000025 /* OnboardingWelcomePage.swift */,
				H002000000000026 /* OnboardingUseCasePage.swift */,
				H002000000000027 /* OnboardingClaudePage.swift */,
				H002000000000028 /* OnboardingGitHubPage.swift */,
				H002000000000029 /* OnboardingObsidianPage.swift */,
				H00200000000002A /* OnboardingNotionPage.swift */,
				H00200000000002B /* OnboardingCalendarPage.swift */,
				H00200000000002C /* OnboardingCompletePage.swift */,
			);
			path = Onboarding;
			sourceTree = "<group>";
		};
/* End PBXGroup section */

/* Begin PBXNativeTarget section */
		2796C1562EEB51D800E05291 /* QuillStack */ = {
			isa = PBXNativeTarget;
			buildConfigurationList = 2796C1672EEB51D900E05291 /* Build configuration list for PBXNativeTarget "QuillStack" */;
			buildPhases = (
				2796C1532EEB51D800E05291 /* Sources */,
				2796C1542EEB51D800E05291 /* Frameworks */,
				2796C1552EEB51D800E05291 /* Resources */,
			);
			buildRules = (
			);
			dependencies = (
			);
			name = QuillStack;
			packageProductDependencies = (
			);
			productName = QuillStack;
			productReference = 2796C1572EEB51D800E05291 /* QuillStack.app */;
			productType = "com.apple.product-type.application";
		};
/* End PBXNativeTarget section */

/* Begin PBXProject section */
		2796C14F2EEB51D800E05291 /* Project object */ = {
			isa = PBXProject;
			attributes = {
				BuildIndependentTargetsInParallel = 1;
				LastSwiftUpdateCheck = 2610;
				LastUpgradeCheck = 2610;
				TargetAttributes = {
					2796C1562EEB51D800E05291 = {
						CreatedOnToolsVersion = 26.1.1;
						LastSwiftMigration = 2610;
					};
				};
			};
			buildConfigurationList = 2796C1522EEB51D800E05291 /* Build configuration list for PBXProject "QuillStack" */;
			developmentRegion = en;
			hasScannedForEncodings = 0;
			knownRegions = (
				en,
				Base,
			);
			mainGroup = 2796C14E2EEB51D800E05291;
			minimizedProjectReferenceProxies = 1;
			preferredProjectObjectVersion = 77;
			productRefGroup = 2796C1582EEB51D800E05291 /* Products */;
			projectDirPath = "";
			projectRoot = "";
			targets = (
				2796C1562EEB51D800E05291 /* QuillStack */,
			);
		};
/* End PBXProject section */

/* Begin PBXResourcesBuildPhase section */
		2796C1552EEB51D800E05291 /* Resources */ = {
			isa = PBXResourcesBuildPhase;
			buildActionMask = 2147483647;
			files = (
				2796C1C22EEB580000E05291 /* Assets.xcassets in Resources */,
			);
			runOnlyForDeploymentPostprocessing = 0;
		};
/* End PBXResourcesBuildPhase section */

/* Begin PBXSourcesBuildPhase section */
		2796C1532EEB51D800E05291 /* Sources */ = {
			isa = PBXSourcesBuildPhase;
			buildActionMask = 2147483647;
			files = (
				061F3C399AA5AF2059F10445 /* BulkExportSheet.swift in Sources */,
				0ECFB430B500C0AA9EBA7983 /* TemplatePickerSheet.swift in Sources */,
				04302BE7809C1CBD7CAF357B /* TemplateOverlayView.swift in Sources */,
				29CBCDDE52F823B896AD7A0C /* StatisticsView.swift in Sources */,
				4BC316248EB1C88BABB17D1B /* NoteTemplate.swift in Sources */,
				546B770950DD133042920854 /* StatisticsViewModel.swift in Sources */,
				9BF33EFBB8118A83F611C8CC /* PDFExporter.swift in Sources */,
				2796C1892EEB554000E05291 /* QuillStackApp.swift in Sources */,
				2796C1862EEB552B00E05291 /* ContentView.swift in Sources */,
				2796C1AA2EEB570000E05291 /* CoreDataStack.swift in Sources */,
				2796C1AB2EEB570000E05291 /* Meeting.swift in Sources */,
				2796C1AC2EEB570000E05291 /* Note.swift in Sources */,
				2796C1AD2EEB570000E05291 /* TodoItem.swift in Sources */,
				2796C1AE2EEB570000E05291 /* CameraManager.swift in Sources */,
				2796C1AF2EEB570000E05291 /* ImageProcessor.swift in Sources */,
				2796C1B02EEB570000E05291 /* MeetingParser.swift in Sources */,
				2796C1B12EEB570000E05291 /* OCRService.swift in Sources */,
				2796C1B22EEB570000E05291 /* TextClassifier.swift in Sources */,
				2796C1B32EEB570000E05291 /* TodoParser.swift in Sources */,
				2796C1B42EEB570000E05291 /* Constants.swift in Sources */,
				2796C1B52EEB570000E05291 /* Extensions.swift in Sources */,
				2796C1B62EEB570000E05291 /* CameraViewModel.swift in Sources */,
				2796C1B82EEB570000E05291 /* MeetingViewModel.swift in Sources */,
				2796C1B92EEB570000E05291 /* NoteViewModel.swift in Sources */,
				2796C1BA2EEB570000E05291 /* CameraPreviewView.swift in Sources */,
				2796C1BB2EEB570000E05291 /* CameraView.swift in Sources */,
				2796C1BC2EEB570000E05291 /* ImagePreviewView.swift in Sources */,
				2796C1BD2EEB570000E05291 /* MeetingListView.swift in Sources */,
				2796C1BE2EEB570000E05291 /* NoteDetailView.swift in Sources */,
				2796C1C02EEB570000E05291 /* NoteListView.swift in Sources */,
				2796C1D02EEB600000E05291 /* QuillStack.xcdatamodeld in Sources */,
				2796C1E02EEB700000E05291 /* TodoDetailView.swift in Sources */,
				2796C1E12EEB700000E05291 /* EmailDetailView.swift in Sources */,
				2796C1F02EEB800000E05291 /* LLMService.swift in Sources */,
				2796C1F12EEB800000E05291 /* SettingsView.swift in Sources */,
				2796C1A52EF0B20100E05291 /* SpellCorrector.swift in Sources */,
				2796C1F22EEB800000E05291 /* ConfidenceTextView.swift in Sources */,
				E001000000000001 /* ExportService.swift in Sources */,
				E001000000000002 /* ExportDestination.swift in Sources */,
				E001000000000003 /* TagRouter.swift in Sources */,
				E001000000000004 /* AppleNotesExporter.swift in Sources */,
				E001000000000005 /* ObsidianExporter.swift in Sources */,
				E001000000000006 /* NotionExporter.swift in Sources */,
				E001000000000007 /* ExportSheet.swift in Sources */,
				E001000000000008 /* ObsidianSetupView.swift in Sources */,
				E001000000000009 /* NotionSetupView.swift in Sources */,
				E00100000000000A /* MeetingDetailView.swift in Sources */,
				F00100000000000B /* SearchService.swift in Sources */,
				F00100000000000C /* RemindersService.swift in Sources */,
				F00100000000000D /* CalendarService.swift in Sources */,
				F00100000000000E /* MultiPageService.swift in Sources */,
				F00100000000000F /* NotePage.swift in Sources */,
				F001000000000010 /* SearchViewModel.swift in Sources */,
				F001000000000011 /* NoteSearchView.swift in Sources */,
				F001000000000012 /* SearchFilterSheet.swift in Sources */,
				F001000000000013 /* SummarySheet.swift in Sources */,
				F001000000000014 /* AddPageSheet.swift in Sources */,
				F001000000000015 /* CreateEventSheet.swift in Sources */,
				F001000000000016 /* EventPickerView.swift in Sources */,
				F001000000000017 /* ExportToRemindersSheet.swift in Sources */,
				F001000000000018 /* BatchCaptureView.swift in Sources */,
				F001000000000019 /* PageNavigatorView.swift in Sources */,
				F00100000000001A /* KeychainService.swift in Sources */,
				F00100000000001B /* SettingsManager.swift in Sources */,
				F00100000000001C /* OfflineQueueService.swift in Sources */,
				F00100000000001D /* HandwritingLearningService.swift in Sources */,
				F00100000000001E /* OCRCorrection.swift in Sources */,
				G00100000000001F /* PromptRefinerService.swift in Sources */,
				G001000000000020 /* GitHubService.swift in Sources */,
				G001000000000022 /* LabelChip.swift in Sources */,
				G001000000000023 /* ClaudePromptDetailView.swift in Sources */,
				H001000000000024 /* OnboardingView.swift in Sources */,
				H001000000000025 /* OnboardingWelcomePage.swift in Sources */,
				H001000000000026 /* OnboardingUseCasePage.swift in Sources */,
				H001000000000027 /* OnboardingClaudePage.swift in Sources */,
				H001000000000028 /* OnboardingGitHubPage.swift in Sources */,
				H001000000000029 /* OnboardingObsidianPage.swift in Sources */,
				H00100000000002A /* OnboardingNotionPage.swift in Sources */,
				H00100000000002B /* OnboardingCalendarPage.swift in Sources */,
				H00100000000002C /* OnboardingCompletePage.swift in Sources */,
				I00100000000002D /* ImageRetentionService.swift in Sources */,
				I00100000000002E /* ContentSanitizer.swift in Sources */,
				I00100000000002F /* DetailHeader.swift in Sources */,
			);
			runOnlyForDeploymentPostprocessing = 0;
		};
/* End PBXSourcesBuildPhase section */

/* Begin XCBuildConfiguration section */
		2796C1652EEB51D900E05291 /* Debug */ = {
			isa = XCBuildConfiguration;
			buildSettings = {
				ALWAYS_SEARCH_USER_PATHS = NO;
				ASSETCATALOG_COMPILER_GENERATE_SWIFT_ASSET_SYMBOL_EXTENSIONS = YES;
				CLANG_ANALYZER_NONNULL = YES;
				CLANG_ANALYZER_NUMBER_OBJECT_CONVERSION = YES_AGGRESSIVE;
				CLANG_CXX_LANGUAGE_STANDARD = "gnu++20";
				CLANG_ENABLE_MODULES = YES;
				CLANG_ENABLE_OBJC_ARC = YES;
				CLANG_ENABLE_OBJC_WEAK = YES;
				CLANG_WARN_BLOCK_CAPTURE_AUTORELEASING = YES;
				CLANG_WARN_BOOL_CONVERSION = YES;
				CLANG_WARN_COMMA = YES;
				CLANG_WARN_CONSTANT_CONVERSION = YES;
				CLANG_WARN_DEPRECATED_OBJC_IMPLEMENTATIONS = YES;
				CLANG_WARN_DIRECT_OBJC_ISA_USAGE = YES_ERROR;
				CLANG_WARN_DOCUMENTATION_COMMENTS = YES;
				CLANG_WARN_EMPTY_BODY = YES;
				CLANG_WARN_ENUM_CONVERSION = YES;
				CLANG_WARN_INFINITE_RECURSION = YES;
				CLANG_WARN_INT_CONVERSION = YES;
				CLANG_WARN_NON_LITERAL_NULL_CONVERSION = YES;
				CLANG_WARN_OBJC_IMPLICIT_RETAIN_SELF = YES;
				CLANG_WARN_OBJC_LITERAL_CONVERSION = YES;
				CLANG_WARN_OBJC_ROOT_CLASS = YES_ERROR;
				CLANG_WARN_QUOTED_INCLUDE_IN_FRAMEWORK_HEADER = YES;
				CLANG_WARN_RANGE_LOOP_ANALYSIS = YES;
				CLANG_WARN_STRICT_PROTOTYPES = YES;
				CLANG_WARN_SUSPICIOUS_MOVE = YES;
				CLANG_WARN_UNGUARDED_AVAILABILITY = YES_AGGRESSIVE;
				CLANG_WARN_UNREACHABLE_CODE = YES;
				CLANG_WARN__DUPLICATE_METHOD_MATCH = YES;
				COPY_PHASE_STRIP = NO;
				DEBUG_INFORMATION_FORMAT = dwarf;
				ENABLE_STRICT_OBJC_MSGSEND = YES;
				ENABLE_TESTABILITY = YES;
				ENABLE_USER_SCRIPT_SANDBOXING = YES;
				GCC_C_LANGUAGE_STANDARD = gnu17;
				GCC_DYNAMIC_NO_PIC = NO;
				GCC_NO_COMMON_BLOCKS = YES;
				GCC_OPTIMIZATION_LEVEL = 0;
				GCC_PREPROCESSOR_DEFINITIONS = (
					"DEBUG=1",
					"$(inherited)",
				);
				GCC_WARN_64_TO_32_BIT_CONVERSION = YES;
				GCC_WARN_ABOUT_RETURN_TYPE = YES_ERROR;
				GCC_WARN_UNDECLARED_SELECTOR = YES;
				GCC_WARN_UNINITIALIZED_AUTOS = YES_AGGRESSIVE;
				GCC_WARN_UNUSED_FUNCTION = YES;
				GCC_WARN_UNUSED_VARIABLE = YES;
				IPHONEOS_DEPLOYMENT_TARGET = 26.1;
				LOCALIZATION_PREFERS_STRING_CATALOGS = YES;
				MTL_ENABLE_DEBUG_INFO = INCLUDE_SOURCE;
				MTL_FAST_MATH = YES;
				ONLY_ACTIVE_ARCH = YES;
				SDKROOT = iphoneos;
				SWIFT_ACTIVE_COMPILATION_CONDITIONS = "DEBUG $(inherited)";
				SWIFT_OPTIMIZATION_LEVEL = "-Onone";
			};
			name = Debug;
		};
		2796C1662EEB51D900E05291 /* Release */ = {
			isa = XCBuildConfiguration;
			buildSettings = {
				ALWAYS_SEARCH_USER_PATHS = NO;
				ASSETCATALOG_COMPILER_GENERATE_SWIFT_ASSET_SYMBOL_EXTENSIONS = YES;
				CLANG_ANALYZER_NONNULL = YES;
				CLANG_ANALYZER_NUMBER_OBJECT_CONVERSION = YES_AGGRESSIVE;
				CLANG_CXX_LANGUAGE_STANDARD = "gnu++20";
				CLANG_ENABLE_MODULES = YES;
				CLANG_ENABLE_OBJC_ARC = YES;
				CLANG_ENABLE_OBJC_WEAK = YES;
				CLANG_WARN_BLOCK_CAPTURE_AUTORELEASING = YES;
				CLANG_WARN_BOOL_CONVERSION = YES;
				CLANG_WARN_COMMA = YES;
				CLANG_WARN_CONSTANT_CONVERSION = YES;
				CLANG_WARN_DEPRECATED_OBJC_IMPLEMENTATIONS = YES;
				CLANG_WARN_DIRECT_OBJC_ISA_USAGE = YES_ERROR;
				CLANG_WARN_DOCUMENTATION_COMMENTS = YES;
				CLANG_WARN_EMPTY_BODY = YES;
				CLANG_WARN_ENUM_CONVERSION = YES;
				CLANG_WARN_INFINITE_RECURSION = YES;
				CLANG_WARN_INT_CONVERSION = YES;
				CLANG_WARN_NON_LITERAL_NULL_CONVERSION = YES;
				CLANG_WARN_OBJC_IMPLICIT_RETAIN_SELF = YES;
				CLANG_WARN_OBJC_LITERAL_CONVERSION = YES;
				CLANG_WARN_OBJC_ROOT_CLASS = YES_ERROR;
				CLANG_WARN_QUOTED_INCLUDE_IN_FRAMEWORK_HEADER = YES;
				CLANG_WARN_RANGE_LOOP_ANALYSIS = YES;
				CLANG_WARN_STRICT_PROTOTYPES = YES;
				CLANG_WARN_SUSPICIOUS_MOVE = YES;
				CLANG_WARN_UNGUARDED_AVAILABILITY = YES_AGGRESSIVE;
				CLANG_WARN_UNREACHABLE_CODE = YES;
				CLANG_WARN__DUPLICATE_METHOD_MATCH = YES;
				COPY_PHASE_STRIP = NO;
				DEBUG_INFORMATION_FORMAT = "dwarf-with-dsym";
				ENABLE_NS_ASSERTIONS = NO;
				ENABLE_STRICT_OBJC_MSGSEND = YES;
				ENABLE_USER_SCRIPT_SANDBOXING = YES;
				GCC_C_LANGUAGE_STANDARD = gnu17;
				GCC_NO_COMMON_BLOCKS = YES;
				GCC_WARN_64_TO_32_BIT_CONVERSION = YES;
				GCC_WARN_ABOUT_RETURN_TYPE = YES_ERROR;
				GCC_WARN_UNDECLARED_SELECTOR = YES;
				GCC_WARN_UNINITIALIZED_AUTOS = YES_AGGRESSIVE;
				GCC_WARN_UNUSED_FUNCTION = YES;
				GCC_WARN_UNUSED_VARIABLE = YES;
				IPHONEOS_DEPLOYMENT_TARGET = 26.2;
				LOCALIZATION_PREFERS_STRING_CATALOGS = YES;
				MTL_ENABLE_DEBUG_INFO = NO;
				MTL_FAST_MATH = YES;
				SDKROOT = iphoneos;
				SWIFT_COMPILATION_MODE = wholemodule;
				VALIDATE_PRODUCT = YES;
			};
			name = Release;
		};
		2796C1682EEB51D900E05291 /* Debug */ = {
			isa = XCBuildConfiguration;
			buildSettings = {
				ASSETCATALOG_COMPILER_APPICON_NAME = AppIcon;
				ASSETCATALOG_COMPILER_GLOBAL_ACCENT_COLOR_NAME = AccentColor;
				CLANG_ENABLE_MODULES = YES;
				CODE_SIGN_STYLE = Automatic;
				CURRENT_PROJECT_VERSION = 1;
				DEVELOPMENT_TEAM = HZQB6JS358;
				ENABLE_PREVIEWS = YES;
				GENERATE_INFOPLIST_FILE = YES;
				INFOPLIST_KEY_NSCalendarsFullAccessUsageDescription = "QuillStack needs calendar access to create events from your meeting notes.";
				INFOPLIST_KEY_NSCameraUsageDescription = "QuillStack needs access to your camera to capture handwritten notes and documents.";
				INFOPLIST_KEY_NSRemindersFullAccessUsageDescription = "QuillStack needs Reminders access to export your todo items.";
				INFOPLIST_KEY_NSPhotoLibraryAddUsageDescription = "QuillStack needs permission to save captured notes to your photo library.";
				INFOPLIST_KEY_UIApplicationSceneManifest_Generation = YES;
				INFOPLIST_KEY_UIApplicationSupportsIndirectInputEvents = YES;
				INFOPLIST_KEY_UILaunchScreen_Generation = YES;
				INFOPLIST_KEY_UISupportedInterfaceOrientations_iPad = "UIInterfaceOrientationPortrait UIInterfaceOrientationPortraitUpsideDown UIInterfaceOrientationLandscapeLeft UIInterfaceOrientationLandscapeRight";
				INFOPLIST_KEY_UISupportedInterfaceOrientations_iPhone = "UIInterfaceOrientationPortrait UIInterfaceOrientationLandscapeLeft UIInterfaceOrientationLandscapeRight";
				LD_RUNPATH_SEARCH_PATHS = (
					"$(inherited)",
					"@executable_path/Frameworks",
				);
				MARKETING_VERSION = 1.0;
				PRODUCT_BUNDLE_IDENTIFIER = quillstack.app.QuillStack;
				PRODUCT_NAME = "$(TARGET_NAME)";
				STRING_CATALOG_GENERATE_SYMBOLS = YES;
				SWIFT_APPROACHABLE_CONCURRENCY = YES;
				SWIFT_DEFAULT_ACTOR_ISOLATION = MainActor;
				SWIFT_EMIT_LOC_STRINGS = YES;
				SWIFT_OBJC_BRIDGING_HEADER = "App/QuillStack-Bridging-Header.h";
				SWIFT_OPTIMIZATION_LEVEL = "-Onone";
				SWIFT_UPCOMING_FEATURE_MEMBER_IMPORT_VISIBILITY = YES;
				SWIFT_VERSION = 5.0;
				TARGETED_DEVICE_FAMILY = "1,2";
			};
			name = Debug;
		};
		2796C1692EEB51D900E05291 /* Release */ = {
			isa = XCBuildConfiguration;
			buildSettings = {
				ASSETCATALOG_COMPILER_APPICON_NAME = AppIcon;
				ASSETCATALOG_COMPILER_GLOBAL_ACCENT_COLOR_NAME = AccentColor;
				CLANG_ENABLE_MODULES = YES;
				CODE_SIGN_STYLE = Automatic;
				CURRENT_PROJECT_VERSION = 1;
				DEVELOPMENT_TEAM = HZQB6JS358;
				ENABLE_PREVIEWS = YES;
				GENERATE_INFOPLIST_FILE = YES;
				INFOPLIST_KEY_NSCalendarsFullAccessUsageDescription = "QuillStack needs calendar access to create events from your meeting notes.";
				INFOPLIST_KEY_NSCameraUsageDescription = "QuillStack needs access to your camera to capture handwritten notes and documents.";
				INFOPLIST_KEY_NSRemindersFullAccessUsageDescription = "QuillStack needs Reminders access to export your todo items.";
				INFOPLIST_KEY_NSPhotoLibraryAddUsageDescription = "QuillStack needs permission to save captured notes to your photo library.";
				INFOPLIST_KEY_UIApplicationSceneManifest_Generation = YES;
				INFOPLIST_KEY_UIApplicationSupportsIndirectInputEvents = YES;
				INFOPLIST_KEY_UILaunchScreen_Generation = YES;
				INFOPLIST_KEY_UISupportedInterfaceOrientations_iPad = "UIInterfaceOrientationPortrait UIInterfaceOrientationPortraitUpsideDown UIInterfaceOrientationLandscapeLeft UIInterfaceOrientationLandscapeRight";
				INFOPLIST_KEY_UISupportedInterfaceOrientations_iPhone = "UIInterfaceOrientationPortrait UIInterfaceOrientationLandscapeLeft UIInterfaceOrientationLandscapeRight";
				LD_RUNPATH_SEARCH_PATHS = (
					"$(inherited)",
					"@executable_path/Frameworks",
				);
				MARKETING_VERSION = 1.0;
				PRODUCT_BUNDLE_IDENTIFIER = quillstack.app.QuillStack;
				PRODUCT_NAME = "$(TARGET_NAME)";
				STRING_CATALOG_GENERATE_SYMBOLS = YES;
				SWIFT_APPROACHABLE_CONCURRENCY = YES;
				SWIFT_DEFAULT_ACTOR_ISOLATION = MainActor;
				SWIFT_EMIT_LOC_STRINGS = YES;
				SWIFT_OBJC_BRIDGING_HEADER = "App/QuillStack-Bridging-Header.h";
				SWIFT_UPCOMING_FEATURE_MEMBER_IMPORT_VISIBILITY = YES;
				SWIFT_VERSION = 5.0;
				TARGETED_DEVICE_FAMILY = "1,2";
			};
			name = Release;
		};
/* End XCBuildConfiguration section */

/* Begin XCConfigurationList section */
		2796C1522EEB51D800E05291 /* Build configuration list for PBXProject "QuillStack" */ = {
			isa = XCConfigurationList;
			buildConfigurations = (
				2796C1652EEB51D900E05291 /* Debug */,
				2796C1662EEB51D900E05291 /* Release */,
			);
			defaultConfigurationIsVisible = 0;
			defaultConfigurationName = Release;
		};
		2796C1672EEB51D900E05291 /* Build configuration list for PBXNativeTarget "QuillStack" */ = {
			isa = XCConfigurationList;
			buildConfigurations = (
				2796C1682EEB51D900E05291 /* Debug */,
				2796C1692EEB51D900E05291 /* Release */,
			);
			defaultConfigurationIsVisible = 0;
			defaultConfigurationName = Release;
		};
/* End XCConfigurationList section */

/* Begin XCVersionGroup section */
		2796C1CE2EEB600000E05291 /* QuillStack.xcdatamodeld */ = {
			isa = XCVersionGroup;
			children = (
				2796C1CF2EEB600000E05291 /* QuillStack.xcdatamodel */,
			);
			currentVersion = 2796C1CF2EEB600000E05291 /* QuillStack.xcdatamodel */;
			path = QuillStack.xcdatamodeld;
			sourceTree = "<group>";
			versionGroupType = wrapper.xcdatamodel;
		};
/* End XCVersionGroup section */
	};
	rootObject = 2796C14F2EEB51D800E05291 /* Project object */;
}
