// !$*UTF8*$!
{
	archiveVersion = 1;
	classes = {
	};
	objectVersion = 77;
	objects = {

/* Begin PBXBuildFile section */
		0D51927EF2182B3554AB682C /* EnrichmentService.swift in Sources */ = {isa = PBXBuildFile; fileRef = 1582AF8120076ACAEF96FF09 /* EnrichmentService.swift */; };
		101E63C826AF5061A17155AF /* PendingOCRRequest.swift in Sources */ = {isa = PBXBuildFile; fileRef = 3E7C5994F01441D2A17F50C4 /* PendingOCRRequest.swift */; };
		1171088212D4885CEBC52F2F /* IBMPlexMono-Light.ttf in Resources */ = {isa = PBXBuildFile; fileRef = FFC7508D56530B28304F8B0A /* IBMPlexMono-Light.ttf */; };
		142552AD97F78CA2DE45C13D /* OCRQueueService.swift in Sources */ = {isa = PBXBuildFile; fileRef = 3E640E87487BCBCAFBE00B4E /* OCRQueueService.swift */; };
		18B99221501B9088B896EB31 /* TagChip.swift in Sources */ = {isa = PBXBuildFile; fileRef = 3D41AB88F26A245C79AAC7FC /* TagChip.swift */; };
		2C35FD888C2D154153877D2B /* LocationService.swift in Sources */ = {isa = PBXBuildFile; fileRef = 5C21F408FCDD056482FDC727 /* LocationService.swift */; };
		467CFA561DFF4886DCCBEE48 /* CaptureProcessor.swift in Sources */ = {isa = PBXBuildFile; fileRef = 537015B16D0EED6B6DBAB9A6 /* CaptureProcessor.swift */; };
		4E80AE8FCB0678F3020169EB /* Typography.swift in Sources */ = {isa = PBXBuildFile; fileRef = 84704540B805D88979BF52CD /* Typography.swift */; };
		50C2AF91CE131807998DEE51 /* Capture.swift in Sources */ = {isa = PBXBuildFile; fileRef = 4BF1A4950689E86FEDAA8FF4 /* Capture.swift */; };
		55932922712289AB36418C79 /* ContentView.swift in Sources */ = {isa = PBXBuildFile; fileRef = 53AB099BAAA9ED35A206FDE2 /* ContentView.swift */; };
		6031DF40116E06AB7F5BF168 /* IBMPlexSans-Regular.ttf in Resources */ = {isa = PBXBuildFile; fileRef = 1A30FB6B084F1B94BEE0D6D6 /* IBMPlexSans-Regular.ttf */; };
		672977EFA98918FDBD45BA64 /* QuillStackApp.swift in Sources */ = {isa = PBXBuildFile; fileRef = FD6499B4EDA579471C027B8B /* QuillStackApp.swift */; };
		796B6BE3A307BF5FB2D7412F /* RemoteOCRService.swift in Sources */ = {isa = PBXBuildFile; fileRef = BDFBE2D58FDCF082AB8F1438 /* RemoteOCRService.swift */; };
		7D712EB29B747417C5122CC4 /* Assets.xcassets in Resources */ = {isa = PBXBuildFile; fileRef = 3FB76058408D13419B7BE321 /* Assets.xcassets */; };
		7D89E6482CB2B9F6321F6842 /* Enrichment.swift in Sources */ = {isa = PBXBuildFile; fileRef = FD81AE056AC7E1A2498C619A /* Enrichment.swift */; };
		83703AD68F449D52E83020B1 /* DocumentScannerView.swift in Sources */ = {isa = PBXBuildFile; fileRef = 9CC0291B035CF50B52D65464 /* DocumentScannerView.swift */; };
		8A989F59144140D70E913B56 /* IBMPlexSans-Light.ttf in Resources */ = {isa = PBXBuildFile; fileRef = 2A151C6C1C1BE00FD00702BB /* IBMPlexSans-Light.ttf */; };
		8BD6A5DB3408C33B0A7A7614 /* CaptureFlowView.swift in Sources */ = {isa = PBXBuildFile; fileRef = 4E54C5FE42B060A37AC0D3EA /* CaptureFlowView.swift */; };
		93150BFD7F960AF463D425F7 /* Extensions.swift in Sources */ = {isa = PBXBuildFile; fileRef = 023FCC5789353D9A25A446B3 /* Extensions.swift */; };
		93B5D3BA7FBC716CDA95890B /* CaptureDetailView.swift in Sources */ = {isa = PBXBuildFile; fileRef = 9C8847CCF72D440E5D1258E3 /* CaptureDetailView.swift */; };
		9538CC60B95314CFBF1A9E08 /* DesignSystem.swift in Sources */ = {isa = PBXBuildFile; fileRef = 17CCF501CFC82F4F42461A30 /* DesignSystem.swift */; };
		9FAF19B6E64542E895FB2FA5 /* OCRService.swift in Sources */ = {isa = PBXBuildFile; fileRef = 804F0C9F7F2944D13A9B17A0 /* OCRService.swift */; };
		A8D75CAD90CCC45017B9402B /* CaptureCard.swift in Sources */ = {isa = PBXBuildFile; fileRef = 1D2F1835E2C617011D7AFF64 /* CaptureCard.swift */; };
		A9B1556579EF797738966EE2 /* TagPickerView.swift in Sources */ = {isa = PBXBuildFile; fileRef = 50B6280494C3FF19CC00F604 /* TagPickerView.swift */; };
		C659170F0AB69678AB385D86 /* SettingsView.swift in Sources */ = {isa = PBXBuildFile; fileRef = B1503BFC0BE5D604DE3AC87E /* SettingsView.swift */; };
		D92F60E053C90FF44A37AF57 /* IBMPlexMono-Regular.ttf in Resources */ = {isa = PBXBuildFile; fileRef = B9333277D1C3BEECE28F3FB3 /* IBMPlexMono-Regular.ttf */; };
		E24B9BFBABD48CE54562CBFC /* IBMPlexSans-Medium.ttf in Resources */ = {isa = PBXBuildFile; fileRef = 786E6E28646D6BD247920801 /* IBMPlexSans-Medium.ttf */; };
		E9ACD9D237539FE98A517F0C /* CaptureImage.swift in Sources */ = {isa = PBXBuildFile; fileRef = 7BDD1012BB13C6FEEFD5AD9A /* CaptureImage.swift */; };
		F1201C13E23112CB33A6A34A /* ObsidianExporter.swift in Sources */ = {isa = PBXBuildFile; fileRef = A958B641DDBAE7634C36E276 /* ObsidianExporter.swift */; };
		F930A0A4D7F23F26B4E273CF /* Tag.swift in Sources */ = {isa = PBXBuildFile; fileRef = BE6DD8C80E9AA138C4F0460C /* Tag.swift */; };
/* End PBXBuildFile section */

/* Begin PBXFileReference section */
		023FCC5789353D9A25A446B3 /* Extensions.swift */ = {isa = PBXFileReference; lastKnownFileType = sourcecode.swift; path = Extensions.swift; sourceTree = "<group>"; };
		1582AF8120076ACAEF96FF09 /* EnrichmentService.swift */ = {isa = PBXFileReference; lastKnownFileType = sourcecode.swift; path = EnrichmentService.swift; sourceTree = "<group>"; };
		17CCF501CFC82F4F42461A30 /* DesignSystem.swift */ = {isa = PBXFileReference; lastKnownFileType = sourcecode.swift; path = DesignSystem.swift; sourceTree = "<group>"; };
		1A30FB6B084F1B94BEE0D6D6 /* IBMPlexSans-Regular.ttf */ = {isa = PBXFileReference; lastKnownFileType = file; path = "IBMPlexSans-Regular.ttf"; sourceTree = "<group>"; };
		1D2F1835E2C617011D7AFF64 /* CaptureCard.swift */ = {isa = PBXFileReference; lastKnownFileType = sourcecode.swift; path = CaptureCard.swift; sourceTree = "<group>"; };
		2A151C6C1C1BE00FD00702BB /* IBMPlexSans-Light.ttf */ = {isa = PBXFileReference; lastKnownFileType = file; path = "IBMPlexSans-Light.ttf"; sourceTree = "<group>"; };
		3D41AB88F26A245C79AAC7FC /* TagChip.swift */ = {isa = PBXFileReference; lastKnownFileType = sourcecode.swift; path = TagChip.swift; sourceTree = "<group>"; };
		3E640E87487BCBCAFBE00B4E /* OCRQueueService.swift */ = {isa = PBXFileReference; lastKnownFileType = sourcecode.swift; path = OCRQueueService.swift; sourceTree = "<group>"; };
		3E7C5994F01441D2A17F50C4 /* PendingOCRRequest.swift */ = {isa = PBXFileReference; lastKnownFileType = sourcecode.swift; path = PendingOCRRequest.swift; sourceTree = "<group>"; };
		3FB76058408D13419B7BE321 /* Assets.xcassets */ = {isa = PBXFileReference; lastKnownFileType = folder.assetcatalog; path = Assets.xcassets; sourceTree = "<group>"; };
		4BF1A4950689E86FEDAA8FF4 /* Capture.swift */ = {isa = PBXFileReference; lastKnownFileType = sourcecode.swift; path = Capture.swift; sourceTree = "<group>"; };
		4E54C5FE42B060A37AC0D3EA /* CaptureFlowView.swift */ = {isa = PBXFileReference; lastKnownFileType = sourcecode.swift; path = CaptureFlowView.swift; sourceTree = "<group>"; };
		50B6280494C3FF19CC00F604 /* TagPickerView.swift */ = {isa = PBXFileReference; lastKnownFileType = sourcecode.swift; path = TagPickerView.swift; sourceTree = "<group>"; };
		537015B16D0EED6B6DBAB9A6 /* CaptureProcessor.swift */ = {isa = PBXFileReference; lastKnownFileType = sourcecode.swift; path = CaptureProcessor.swift; sourceTree = "<group>"; };
		53AB099BAAA9ED35A206FDE2 /* ContentView.swift */ = {isa = PBXFileReference; lastKnownFileType = sourcecode.swift; path = ContentView.swift; sourceTree = "<group>"; };
		5C21F408FCDD056482FDC727 /* LocationService.swift */ = {isa = PBXFileReference; lastKnownFileType = sourcecode.swift; path = LocationService.swift; sourceTree = "<group>"; };
		786E6E28646D6BD247920801 /* IBMPlexSans-Medium.ttf */ = {isa = PBXFileReference; lastKnownFileType = file; path = "IBMPlexSans-Medium.ttf"; sourceTree = "<group>"; };
		7BDD1012BB13C6FEEFD5AD9A /* CaptureImage.swift */ = {isa = PBXFileReference; lastKnownFileType = sourcecode.swift; path = CaptureImage.swift; sourceTree = "<group>"; };
		804F0C9F7F2944D13A9B17A0 /* OCRService.swift */ = {isa = PBXFileReference; lastKnownFileType = sourcecode.swift; path = OCRService.swift; sourceTree = "<group>"; };
		817E6AAE6434F0F869ED3954 /* QuillStack.app */ = {isa = PBXFileReference; explicitFileType = wrapper.application; includeInIndex = 0; path = QuillStack.app; sourceTree = BUILT_PRODUCTS_DIR; };
		84704540B805D88979BF52CD /* Typography.swift */ = {isa = PBXFileReference; lastKnownFileType = sourcecode.swift; path = Typography.swift; sourceTree = "<group>"; };
		9C8847CCF72D440E5D1258E3 /* CaptureDetailView.swift */ = {isa = PBXFileReference; lastKnownFileType = sourcecode.swift; path = CaptureDetailView.swift; sourceTree = "<group>"; };
		9CC0291B035CF50B52D65464 /* DocumentScannerView.swift */ = {isa = PBXFileReference; lastKnownFileType = sourcecode.swift; path = DocumentScannerView.swift; sourceTree = "<group>"; };
		A958B641DDBAE7634C36E276 /* ObsidianExporter.swift */ = {isa = PBXFileReference; lastKnownFileType = sourcecode.swift; path = ObsidianExporter.swift; sourceTree = "<group>"; };
		B1503BFC0BE5D604DE3AC87E /* SettingsView.swift */ = {isa = PBXFileReference; lastKnownFileType = sourcecode.swift; path = SettingsView.swift; sourceTree = "<group>"; };
		B9333277D1C3BEECE28F3FB3 /* IBMPlexMono-Regular.ttf */ = {isa = PBXFileReference; lastKnownFileType = file; path = "IBMPlexMono-Regular.ttf"; sourceTree = "<group>"; };
		BDFBE2D58FDCF082AB8F1438 /* RemoteOCRService.swift */ = {isa = PBXFileReference; lastKnownFileType = sourcecode.swift; path = RemoteOCRService.swift; sourceTree = "<group>"; };
		BE6DD8C80E9AA138C4F0460C /* Tag.swift */ = {isa = PBXFileReference; lastKnownFileType = sourcecode.swift; path = Tag.swift; sourceTree = "<group>"; };
		FD6499B4EDA579471C027B8B /* QuillStackApp.swift */ = {isa = PBXFileReference; lastKnownFileType = sourcecode.swift; path = QuillStackApp.swift; sourceTree = "<group>"; };
		FD81AE056AC7E1A2498C619A /* Enrichment.swift */ = {isa = PBXFileReference; lastKnownFileType = sourcecode.swift; path = Enrichment.swift; sourceTree = "<group>"; };
		FFC7508D56530B28304F8B0A /* IBMPlexMono-Light.ttf */ = {isa = PBXFileReference; lastKnownFileType = file; path = "IBMPlexMono-Light.ttf"; sourceTree = "<group>"; };
/* End PBXFileReference section */

/* Begin PBXGroup section */
		0C37BF2F7D4D252B9E612A73 /* Products */ = {
			isa = PBXGroup;
			children = (
				817E6AAE6434F0F869ED3954 /* QuillStack.app */,
			);
			name = Products;
			sourceTree = "<group>";
		};
		1259D777AD7D35451FCEDC2A /* App */ = {
			isa = PBXGroup;
			children = (
				53AB099BAAA9ED35A206FDE2 /* ContentView.swift */,
				FD6499B4EDA579471C027B8B /* QuillStackApp.swift */,
			);
			path = App;
			sourceTree = "<group>";
		};
		171E24937E05D50289ADE08B /* Components */ = {
			isa = PBXGroup;
			children = (
				1D2F1835E2C617011D7AFF64 /* CaptureCard.swift */,
				3D41AB88F26A245C79AAC7FC /* TagChip.swift */,
			);
			path = Components;
			sourceTree = "<group>";
		};
		3EECED0CADFB246418452A4C /* Resources */ = {
			isa = PBXGroup;
			children = (
				469B915132E45F4DA9F65FC4 /* Fonts */,
			);
			path = Resources;
			sourceTree = "<group>";
		};
		469B915132E45F4DA9F65FC4 /* Fonts */ = {
			isa = PBXGroup;
			children = (
				FFC7508D56530B28304F8B0A /* IBMPlexMono-Light.ttf */,
				B9333277D1C3BEECE28F3FB3 /* IBMPlexMono-Regular.ttf */,
				2A151C6C1C1BE00FD00702BB /* IBMPlexSans-Light.ttf */,
				786E6E28646D6BD247920801 /* IBMPlexSans-Medium.ttf */,
				1A30FB6B084F1B94BEE0D6D6 /* IBMPlexSans-Regular.ttf */,
			);
			path = Fonts;
			sourceTree = "<group>";
		};
		5B1B7D7403F358E947A05A68 /* Settings */ = {
			isa = PBXGroup;
			children = (
				B1503BFC0BE5D604DE3AC87E /* SettingsView.swift */,
			);
			path = Settings;
			sourceTree = "<group>";
		};
		5F1576DD2CD0AEEDF9F3F936 /* Detail */ = {
			isa = PBXGroup;
			children = (
				9C8847CCF72D440E5D1258E3 /* CaptureDetailView.swift */,
			);
			path = Detail;
			sourceTree = "<group>";
		};
		60BD23A06611D8643FFF4F4E /* Capture */ = {
			isa = PBXGroup;
			children = (
				4E54C5FE42B060A37AC0D3EA /* CaptureFlowView.swift */,
				9CC0291B035CF50B52D65464 /* DocumentScannerView.swift */,
				50B6280494C3FF19CC00F604 /* TagPickerView.swift */,
			);
			path = Capture;
			sourceTree = "<group>";
		};
		95969AF08CEC6F0DD5723B72 /* QuillStack */ = {
			isa = PBXGroup;
			children = (
				3FB76058408D13419B7BE321 /* Assets.xcassets */,
				1259D777AD7D35451FCEDC2A /* App */,
				E846F93AD9E4D1ECB67861D1 /* Models */,
				3EECED0CADFB246418452A4C /* Resources */,
				ED0B06E1C2285FA958A2EC6E /* Services */,
				9C9325C89E361A4B01942281 /* Utilities */,
				D04A692D91FA3EA4CD42030B /* Views */,
			);
			path = QuillStack;
			sourceTree = "<group>";
		};
		9C9325C89E361A4B01942281 /* Utilities */ = {
			isa = PBXGroup;
			children = (
				17CCF501CFC82F4F42461A30 /* DesignSystem.swift */,
				023FCC5789353D9A25A446B3 /* Extensions.swift */,
				84704540B805D88979BF52CD /* Typography.swift */,
			);
			path = Utilities;
			sourceTree = "<group>";
		};
		D04A692D91FA3EA4CD42030B /* Views */ = {
			isa = PBXGroup;
			children = (
				60BD23A06611D8643FFF4F4E /* Capture */,
				171E24937E05D50289ADE08B /* Components */,
				5F1576DD2CD0AEEDF9F3F936 /* Detail */,
				5B1B7D7403F358E947A05A68 /* Settings */,
			);
			path = Views;
			sourceTree = "<group>";
		};
		DFE5CD96A4FC166CA560C928 = {
			isa = PBXGroup;
			children = (
				95969AF08CEC6F0DD5723B72 /* QuillStack */,
				0C37BF2F7D4D252B9E612A73 /* Products */,
			);
			sourceTree = "<group>";
		};
		E846F93AD9E4D1ECB67861D1 /* Models */ = {
			isa = PBXGroup;
			children = (
				4BF1A4950689E86FEDAA8FF4 /* Capture.swift */,
				7BDD1012BB13C6FEEFD5AD9A /* CaptureImage.swift */,
				FD81AE056AC7E1A2498C619A /* Enrichment.swift */,
				3E7C5994F01441D2A17F50C4 /* PendingOCRRequest.swift */,
				BE6DD8C80E9AA138C4F0460C /* Tag.swift */,
			);
			path = Models;
			sourceTree = "<group>";
		};
		ED0B06E1C2285FA958A2EC6E /* Services */ = {
			isa = PBXGroup;
			children = (
				537015B16D0EED6B6DBAB9A6 /* CaptureProcessor.swift */,
				1582AF8120076ACAEF96FF09 /* EnrichmentService.swift */,
				5C21F408FCDD056482FDC727 /* LocationService.swift */,
				A958B641DDBAE7634C36E276 /* ObsidianExporter.swift */,
				3E640E87487BCBCAFBE00B4E /* OCRQueueService.swift */,
				804F0C9F7F2944D13A9B17A0 /* OCRService.swift */,
				BDFBE2D58FDCF082AB8F1438 /* RemoteOCRService.swift */,
			);
			path = Services;
			sourceTree = "<group>";
		};
/* End PBXGroup section */

/* Begin PBXNativeTarget section */
		02B2FAA4FE826727BB4A1349 /* QuillStack */ = {
			isa = PBXNativeTarget;
			buildConfigurationList = AA7C63D86734813964FC403D /* Build configuration list for PBXNativeTarget "QuillStack" */;
			buildPhases = (
				1D891DEED3465CFB17A6D95A /* Sources */,
				A19D3ABF7F6B458337656FA3 /* Resources */,
			);
			buildRules = (
			);
			dependencies = (
			);
			name = QuillStack;
			packageProductDependencies = (
			);
			productName = QuillStack;
			productReference = 817E6AAE6434F0F869ED3954 /* QuillStack.app */;
			productType = "com.apple.product-type.application";
		};
/* End PBXNativeTarget section */

/* Begin PBXProject section */
		A37481913C0479A999F1272F /* Project object */ = {
			isa = PBXProject;
			attributes = {
				BuildIndependentTargetsInParallel = YES;
				LastUpgradeCheck = 1430;
			};
			buildConfigurationList = F6AFC3A57067B7E8467C388E /* Build configuration list for PBXProject "QuillStack" */;
			developmentRegion = en;
			hasScannedForEncodings = 0;
			knownRegions = (
				Base,
				en,
			);
			mainGroup = DFE5CD96A4FC166CA560C928;
			minimizedProjectReferenceProxies = 1;
			preferredProjectObjectVersion = 77;
			productRefGroup = 0C37BF2F7D4D252B9E612A73 /* Products */;
			projectDirPath = "";
			projectRoot = "";
			targets = (
				02B2FAA4FE826727BB4A1349 /* QuillStack */,
			);
		};
/* End PBXProject section */

/* Begin PBXResourcesBuildPhase section */
		A19D3ABF7F6B458337656FA3 /* Resources */ = {
			isa = PBXResourcesBuildPhase;
			buildActionMask = 2147483647;
			files = (
				7D712EB29B747417C5122CC4 /* Assets.xcassets in Resources */,
				1171088212D4885CEBC52F2F /* IBMPlexMono-Light.ttf in Resources */,
				D92F60E053C90FF44A37AF57 /* IBMPlexMono-Regular.ttf in Resources */,
				8A989F59144140D70E913B56 /* IBMPlexSans-Light.ttf in Resources */,
				E24B9BFBABD48CE54562CBFC /* IBMPlexSans-Medium.ttf in Resources */,
				6031DF40116E06AB7F5BF168 /* IBMPlexSans-Regular.ttf in Resources */,
			);
			runOnlyForDeploymentPostprocessing = 0;
		};
/* End PBXResourcesBuildPhase section */

/* Begin PBXSourcesBuildPhase section */
		1D891DEED3465CFB17A6D95A /* Sources */ = {
			isa = PBXSourcesBuildPhase;
			buildActionMask = 2147483647;
			files = (
				50C2AF91CE131807998DEE51 /* Capture.swift in Sources */,
				A8D75CAD90CCC45017B9402B /* CaptureCard.swift in Sources */,
				93B5D3BA7FBC716CDA95890B /* CaptureDetailView.swift in Sources */,
				8BD6A5DB3408C33B0A7A7614 /* CaptureFlowView.swift in Sources */,
				E9ACD9D237539FE98A517F0C /* CaptureImage.swift in Sources */,
				467CFA561DFF4886DCCBEE48 /* CaptureProcessor.swift in Sources */,
				55932922712289AB36418C79 /* ContentView.swift in Sources */,
				9538CC60B95314CFBF1A9E08 /* DesignSystem.swift in Sources */,
				83703AD68F449D52E83020B1 /* DocumentScannerView.swift in Sources */,
				7D89E6482CB2B9F6321F6842 /* Enrichment.swift in Sources */,
				0D51927EF2182B3554AB682C /* EnrichmentService.swift in Sources */,
				93150BFD7F960AF463D425F7 /* Extensions.swift in Sources */,
				2C35FD888C2D154153877D2B /* LocationService.swift in Sources */,
				142552AD97F78CA2DE45C13D /* OCRQueueService.swift in Sources */,
				9FAF19B6E64542E895FB2FA5 /* OCRService.swift in Sources */,
				F1201C13E23112CB33A6A34A /* ObsidianExporter.swift in Sources */,
				101E63C826AF5061A17155AF /* PendingOCRRequest.swift in Sources */,
				672977EFA98918FDBD45BA64 /* QuillStackApp.swift in Sources */,
				796B6BE3A307BF5FB2D7412F /* RemoteOCRService.swift in Sources */,
				C659170F0AB69678AB385D86 /* SettingsView.swift in Sources */,
				F930A0A4D7F23F26B4E273CF /* Tag.swift in Sources */,
				18B99221501B9088B896EB31 /* TagChip.swift in Sources */,
				A9B1556579EF797738966EE2 /* TagPickerView.swift in Sources */,
				4E80AE8FCB0678F3020169EB /* Typography.swift in Sources */,
			);
			runOnlyForDeploymentPostprocessing = 0;
		};
/* End PBXSourcesBuildPhase section */

/* Begin XCBuildConfiguration section */
		0A5DE0C3D348FEF7CEF2801D /* Debug */ = {
			isa = XCBuildConfiguration;
			buildSettings = {
				ASSETCATALOG_COMPILER_APPICON_NAME = AppIcon;
				ASSETCATALOG_COMPILER_INCLUDE_ALL_APPICON_ASSETS = YES;
				CODE_SIGN_IDENTITY = "iPhone Developer";
				CURRENT_PROJECT_VERSION = 1;
				DEVELOPMENT_TEAM = HZQB6JS358;
				INFOPLIST_FILE = QuillStack/Info.plist;
				IPHONEOS_DEPLOYMENT_TARGET = 26.0;
				LD_RUNPATH_SEARCH_PATHS = (
					"$(inherited)",
					"@executable_path/Frameworks",
				);
				MARKETING_VERSION = 2.0.0;
				PRODUCT_BUNDLE_IDENTIFIER = com.quillstack.app;
				SDKROOT = iphoneos;
				TARGETED_DEVICE_FAMILY = "1,2";
			};
			name = Debug;
		};
		1614DA8BCA80B834066223B6 /* Debug */ = {
			isa = XCBuildConfiguration;
			buildSettings = {
				ALWAYS_SEARCH_USER_PATHS = NO;
				CLANG_ANALYZER_NONNULL = YES;
				CLANG_ANALYZER_NUMBER_OBJECT_CONVERSION = YES_AGGRESSIVE;
				CLANG_CXX_LANGUAGE_STANDARD = "gnu++14";
				CLANG_CXX_LIBRARY = "libc++";
				CLANG_ENABLE_MODULES = YES;
				CLANG_ENABLE_OBJC_ARC = YES;
				CLANG_ENABLE_OBJC_WEAK = YES;
				CLANG_WARN_BLOCK_CAPTURE_AUTORELEASING = YES;
				CLANG_WARN_BOOL_CONVERSION = YES;
				CLANG_WARN_COMMA = YES;
				CLANG_WARN_CONSTANT_CONVERSION = YES;
				CLANG_WARN_DEPRECATED_OBJC_IMPLEMENTATIONS = YES;
				CLANG_WARN_DIRECT_OBJC_ISA_USAGE = YES_ERROR;
				CLANG_WARN_DOCUMENTATION_COMMENTS = YES;
				CLANG_WARN_EMPTY_BODY = YES;
				CLANG_WARN_ENUM_CONVERSION = YES;
				CLANG_WARN_INFINITE_RECURSION = YES;
				CLANG_WARN_INT_CONVERSION = YES;
				CLANG_WARN_NON_LITERAL_NULL_CONVERSION = YES;
				CLANG_WARN_OBJC_IMPLICIT_RETAIN_SELF = YES;
				CLANG_WARN_OBJC_LITERAL_CONVERSION = YES;
				CLANG_WARN_OBJC_ROOT_CLASS = YES_ERROR;
				CLANG_WARN_QUOTED_INCLUDE_IN_FRAMEWORK_HEADER = YES;
				CLANG_WARN_RANGE_LOOP_ANALYSIS = YES;
				CLANG_WARN_STRICT_PROTOTYPES = YES;
				CLANG_WARN_SUSPICIOUS_MOVE = YES;
				CLANG_WARN_UNGUARDED_AVAILABILITY = YES_AGGRESSIVE;
				CLANG_WARN_UNREACHABLE_CODE = YES;
				CLANG_WARN__DUPLICATE_METHOD_MATCH = YES;
				COPY_PHASE_STRIP = NO;
				DEBUG_INFORMATION_FORMAT = dwarf;
				ENABLE_STRICT_OBJC_MSGSEND = YES;
				ENABLE_TESTABILITY = YES;
				GCC_C_LANGUAGE_STANDARD = gnu11;
				GCC_DYNAMIC_NO_PIC = NO;
				GCC_NO_COMMON_BLOCKS = YES;
				GCC_OPTIMIZATION_LEVEL = 0;
				GCC_PREPROCESSOR_DEFINITIONS = (
					"$(inherited)",
					"DEBUG=1",
				);
				GCC_WARN_64_TO_32_BIT_CONVERSION = YES;
				GCC_WARN_ABOUT_RETURN_TYPE = YES_ERROR;
				GCC_WARN_UNDECLARED_SELECTOR = YES;
				GCC_WARN_UNINITIALIZED_AUTOS = YES_AGGRESSIVE;
				GCC_WARN_UNUSED_FUNCTION = YES;
				GCC_WARN_UNUSED_VARIABLE = YES;
				IPHONEOS_DEPLOYMENT_TARGET = 16.0;
				MTL_ENABLE_DEBUG_INFO = INCLUDE_SOURCE;
				MTL_FAST_MATH = YES;
				ONLY_ACTIVE_ARCH = YES;
				PRODUCT_NAME = "$(TARGET_NAME)";
				SDKROOT = iphoneos;
				SWIFT_ACTIVE_COMPILATION_CONDITIONS = DEBUG;
				SWIFT_OPTIMIZATION_LEVEL = "-Onone";
				SWIFT_STRICT_CONCURRENCY = complete;
				SWIFT_VERSION = 6.0;
			};
			name = Debug;
		};
		326FEE062B6FA497DFBDF3E2 /* Release */ = {
			isa = XCBuildConfiguration;
			buildSettings = {
				ALWAYS_SEARCH_USER_PATHS = NO;
				CLANG_ANALYZER_NONNULL = YES;
				CLANG_ANALYZER_NUMBER_OBJECT_CONVERSION = YES_AGGRESSIVE;
				CLANG_CXX_LANGUAGE_STANDARD = "gnu++14";
				CLANG_CXX_LIBRARY = "libc++";
				CLANG_ENABLE_MODULES = YES;
				CLANG_ENABLE_OBJC_ARC = YES;
				CLANG_ENABLE_OBJC_WEAK = YES;
				CLANG_WARN_BLOCK_CAPTURE_AUTORELEASING = YES;
				CLANG_WARN_BOOL_CONVERSION = YES;
				CLANG_WARN_COMMA = YES;
				CLANG_WARN_CONSTANT_CONVERSION = YES;
				CLANG_WARN_DEPRECATED_OBJC_IMPLEMENTATIONS = YES;
				CLANG_WARN_DIRECT_OBJC_ISA_USAGE = YES_ERROR;
				CLANG_WARN_DOCUMENTATION_COMMENTS = YES;
				CLANG_WARN_EMPTY_BODY = YES;
				CLANG_WARN_ENUM_CONVERSION = YES;
				CLANG_WARN_INFINITE_RECURSION = YES;
				CLANG_WARN_INT_CONVERSION = YES;
				CLANG_WARN_NON_LITERAL_NULL_CONVERSION = YES;
				CLANG_WARN_OBJC_IMPLICIT_RETAIN_SELF = YES;
				CLANG_WARN_OBJC_LITERAL_CONVERSION = YES;
				CLANG_WARN_OBJC_ROOT_CLASS = YES_ERROR;
				CLANG_WARN_QUOTED_INCLUDE_IN_FRAMEWORK_HEADER = YES;
				CLANG_WARN_RANGE_LOOP_ANALYSIS = YES;
				CLANG_WARN_STRICT_PROTOTYPES = YES;
				CLANG_WARN_SUSPICIOUS_MOVE = YES;
				CLANG_WARN_UNGUARDED_AVAILABILITY = YES_AGGRESSIVE;
				CLANG_WARN_UNREACHABLE_CODE = YES;
				CLANG_WARN__DUPLICATE_METHOD_MATCH = YES;
				COPY_PHASE_STRIP = NO;
				DEBUG_INFORMATION_FORMAT = "dwarf-with-dsym";
				ENABLE_NS_ASSERTIONS = NO;
				ENABLE_STRICT_OBJC_MSGSEND = YES;
				GCC_C_LANGUAGE_STANDARD = gnu11;
				GCC_NO_COMMON_BLOCKS = YES;
				GCC_WARN_64_TO_32_BIT_CONVERSION = YES;
				GCC_WARN_ABOUT_RETURN_TYPE = YES_ERROR;
				GCC_WARN_UNDECLARED_SELECTOR = YES;
				GCC_WARN_UNINITIALIZED_AUTOS = YES_AGGRESSIVE;
				GCC_WARN_UNUSED_FUNCTION = YES;
				GCC_WARN_UNUSED_VARIABLE = YES;
				IPHONEOS_DEPLOYMENT_TARGET = 16.0;
				MTL_ENABLE_DEBUG_INFO = NO;
				MTL_FAST_MATH = YES;
				PRODUCT_NAME = "$(TARGET_NAME)";
				SDKROOT = iphoneos;
				SWIFT_COMPILATION_MODE = wholemodule;
				SWIFT_OPTIMIZATION_LEVEL = "-O";
				SWIFT_STRICT_CONCURRENCY = complete;
				SWIFT_VERSION = 6.0;
			};
			name = Release;
		};
		A3D1BFB4F33C2134870C1924 /* Release */ = {
			isa = XCBuildConfiguration;
			buildSettings = {
				ASSETCATALOG_COMPILER_APPICON_NAME = AppIcon;
				ASSETCATALOG_COMPILER_INCLUDE_ALL_APPICON_ASSETS = YES;
				CODE_SIGN_IDENTITY = "iPhone Developer";
				CURRENT_PROJECT_VERSION = 1;
				DEVELOPMENT_TEAM = HZQB6JS358;
				INFOPLIST_FILE = QuillStack/Info.plist;
				IPHONEOS_DEPLOYMENT_TARGET = 26.0;
				LD_RUNPATH_SEARCH_PATHS = (
					"$(inherited)",
					"@executable_path/Frameworks",
				);
				MARKETING_VERSION = 2.0.0;
				PRODUCT_BUNDLE_IDENTIFIER = com.quillstack.app;
				SDKROOT = iphoneos;
				TARGETED_DEVICE_FAMILY = "1,2";
			};
			name = Release;
		};
/* End XCBuildConfiguration section */

/* Begin XCConfigurationList section */
		AA7C63D86734813964FC403D /* Build configuration list for PBXNativeTarget "QuillStack" */ = {
			isa = XCConfigurationList;
			buildConfigurations = (
				0A5DE0C3D348FEF7CEF2801D /* Debug */,
				A3D1BFB4F33C2134870C1924 /* Release */,
			);
			defaultConfigurationIsVisible = 0;
			defaultConfigurationName = Debug;
		};
		F6AFC3A57067B7E8467C388E /* Build configuration list for PBXProject "QuillStack" */ = {
			isa = XCConfigurationList;
			buildConfigurations = (
				1614DA8BCA80B834066223B6 /* Debug */,
				326FEE062B6FA497DFBDF3E2 /* Release */,
			);
			defaultConfigurationIsVisible = 0;
			defaultConfigurationName = Debug;
		};
/* End XCConfigurationList section */
	};
	rootObject = A37481913C0479A999F1272F /* Project object */;
}
